<?xml version="1.0" encoding="UTF-8"?>
<!DOCTYPE plist PUBLIC "-//Apple//DTD PLIST 1.0//EN" "http://www.apple.com/DTDs/PropertyList-1.0.dtd">
<plist version="1.0">
<dict>
	<key>archiveVersion</key>
	<string>1</string>
	<key>classes</key>
	<dict/>
	<key>objectVersion</key>
	<string>46</string>
	<key>objects</key>
	<dict>
		<key>1941BF20197B91DA00903654</key>
		<dict>
			<key>isa</key>
			<string>PBXFileReference</string>
			<key>lastKnownFileType</key>
			<string>sourcecode.c.h</string>
			<key>path</key>
			<string>PearingAuth.h</string>
			<key>sourceTree</key>
			<string>&lt;group&gt;</string>
		</dict>
		<key>19D318B91867DD9100C34A5C</key>
		<dict>
			<key>children</key>
			<array>
				<string>19D318CB1867DD9200C34A5C</string>
				<string>19D318EA1867DD9200C34A5C</string>
				<string>19D318C41867DD9200C34A5C</string>
				<string>19D318C31867DD9200C34A5C</string>
				<string>A16A296930C14578BDEE9CB0</string>
			</array>
			<key>isa</key>
			<string>PBXGroup</string>
			<key>sourceTree</key>
			<string>&lt;group&gt;</string>
		</dict>
		<key>19D318BA1867DD9100C34A5C</key>
		<dict>
			<key>attributes</key>
			<dict>
				<key>LastUpgradeCheck</key>
				<string>0500</string>
				<key>ORGANIZATIONNAME</key>
				<string>Pearing</string>
				<key>TargetAttributes</key>
				<dict>
					<key>19D318C11867DD9200C34A5C</key>
					<dict>
						<key>DevelopmentTeam</key>
						<string>N298MCJD7G</string>
					</dict>
					<key>19D318E21867DD9200C34A5C</key>
					<dict>
						<key>TestTargetID</key>
						<string>19D318C11867DD9200C34A5C</string>
					</dict>
				</dict>
			</dict>
			<key>buildConfigurationList</key>
			<string>19D318BD1867DD9100C34A5C</string>
			<key>compatibilityVersion</key>
			<string>Xcode 3.2</string>
			<key>developmentRegion</key>
			<string>English</string>
			<key>hasScannedForEncodings</key>
			<string>0</string>
			<key>isa</key>
			<string>PBXProject</string>
			<key>knownRegions</key>
			<array>
				<string>en</string>
				<string>Base</string>
			</array>
			<key>mainGroup</key>
			<string>19D318B91867DD9100C34A5C</string>
			<key>productRefGroup</key>
			<string>19D318C31867DD9200C34A5C</string>
			<key>projectDirPath</key>
			<string></string>
			<key>projectReferences</key>
			<array/>
			<key>projectRoot</key>
			<string></string>
			<key>targets</key>
			<array>
				<string>19D318C11867DD9200C34A5C</string>
				<string>19D318E21867DD9200C34A5C</string>
			</array>
		</dict>
		<key>19D318BD1867DD9100C34A5C</key>
		<dict>
			<key>buildConfigurations</key>
			<array>
				<string>19D318F21867DD9200C34A5C</string>
				<string>19D318F31867DD9200C34A5C</string>
			</array>
			<key>defaultConfigurationIsVisible</key>
			<string>0</string>
			<key>defaultConfigurationName</key>
			<string>Release</string>
			<key>isa</key>
			<string>XCConfigurationList</string>
		</dict>
		<key>19D318BE1867DD9200C34A5C</key>
		<dict>
			<key>buildActionMask</key>
			<string>2147483647</string>
			<key>files</key>
			<array>
				<string>C0E171A3188BD89600435DCE</string>
				<string>19D318FC1867EF4700C34A5C</string>
				<string>C03FA84E18728DA7001E7597</string>
				<string>19DC5BD11868CF380035EE30</string>
				<string>C0E171A0188BD69800435DCE</string>
				<string>19DC5BCA18682F130035EE30</string>
				<string>C03FA84B18728A82001E7597</string>
				<string>C0E17193188BC9E700435DCE</string>
				<string>C0E171A6188BE3C300435DCE</string>
				<string>19DC5BC7186828AA0035EE30</string>
				<string>19DC5BD41868D15B0035EE30</string>
				<string>C0E1719C188BCFC800435DCE</string>
				<string>19D318DC1867DD9200C34A5C</string>
				<string>C03FA8B01873ECEF001E7597</string>
				<string>C0E17196188BCD8900435DCE</string>
				<string>19D318D61867DD9200C34A5C</string>
				<string>C0E17190188BC9D200435DCE</string>
				<string>19DC5BDB186976970035EE30</string>
				<string>19D318D21867DD9200C34A5C</string>
				<string>C0E17199188BCE7E00435DCE</string>
			</array>
			<key>isa</key>
			<string>PBXSourcesBuildPhase</string>
			<key>runOnlyForDeploymentPostprocessing</key>
			<string>0</string>
		</dict>
		<key>19D318BF1867DD9200C34A5C</key>
		<dict>
			<key>buildActionMask</key>
			<string>2147483647</string>
			<key>files</key>
			<array>
				<string>19DC5BE31874CDDE0035EE30</string>
				<string>19D318C81867DD9200C34A5C</string>
				<string>19D318CA1867DD9200C34A5C</string>
				<string>19D318C61867DD9200C34A5C</string>
				<string>3BD4D725DB7C43519525FE2B</string>
			</array>
			<key>isa</key>
			<string>PBXFrameworksBuildPhase</string>
			<key>runOnlyForDeploymentPostprocessing</key>
			<string>0</string>
		</dict>
		<key>19D318C01867DD9200C34A5C</key>
		<dict>
			<key>buildActionMask</key>
			<string>2147483647</string>
			<key>files</key>
			<array>
				<string>C03FA88C18728FC7001E7597</string>
				<string>C03FA88A18728FC7001E7597</string>
				<string>C03FA88218728FC7001E7597</string>
				<string>19DC5BDF1874A6390035EE30</string>
				<string>C03FA88918728FC7001E7597</string>
				<string>C03FA8AD18728FC7001E7597</string>
				<string>C03FA89218728FC7001E7597</string>
				<string>C03FA89718728FC7001E7597</string>
				<string>C03FA89518728FC7001E7597</string>
				<string>C03FA88618728FC7001E7597</string>
				<string>C03FA88718728FC7001E7597</string>
				<string>C03FA8A118728FC7001E7597</string>
				<string>C03FA89918728FC7001E7597</string>
				<string>C03FA89A18728FC7001E7597</string>
				<string>C03FA89E18728FC7001E7597</string>
				<string>C03FA89818728FC7001E7597</string>
				<string>C03FA8AC18728FC7001E7597</string>
				<string>C03FA89C18728FC7001E7597</string>
				<string>C03FA8A818728FC7001E7597</string>
				<string>C03FA8A018728FC7001E7597</string>
				<string>19D318DE1867DD9200C34A5C</string>
				<string>C03FA89418728FC7001E7597</string>
				<string>C03FA89B18728FC7001E7597</string>
				<string>C03FA88D18728FC7001E7597</string>
				<string>C03FA8A418728FC7001E7597</string>
				<string>C03FA8A718728FC7001E7597</string>
				<string>C03FA8A318728FC7001E7597</string>
				<string>C03FA88018728FC7001E7597</string>
				<string>C03FA8A518728FC7001E7597</string>
				<string>C03FA89118728FC7001E7597</string>
				<string>C03FA88F18728FC7001E7597</string>
				<string>C03FA89318728FC7001E7597</string>
				<string>19DC5BE11874A7D30035EE30</string>
				<string>C03FA8A618728FC7001E7597</string>
				<string>19D318D01867DD9200C34A5C</string>
				<string>C03FA89018728FC7001E7597</string>
				<string>C03FA88B18728FC7001E7597</string>
				<string>C03FA8A218728FC7001E7597</string>
				<string>C03FA88E18728FC7001E7597</string>
				<string>C03FA89D18728FC7001E7597</string>
				<string>C03FA88118728FC7001E7597</string>
				<string>C03FA89618728FC7001E7597</string>
				<string>C03FA88418728FC7001E7597</string>
				<string>C03FA88818728FC7001E7597</string>
				<string>19D318D91867DD9200C34A5C</string>
				<string>C03FA87F18728FC7001E7597</string>
				<string>C03FA8AA18728FC7001E7597</string>
				<string>C03FA88318728FC7001E7597</string>
				<string>C03FA89F18728FC7001E7597</string>
				<string>C03FA8AB18728FC7001E7597</string>
				<string>C03FA88518728FC7001E7597</string>
				<string>C03FA8A918728FC7001E7597</string>
			</array>
			<key>isa</key>
			<string>PBXResourcesBuildPhase</string>
			<key>runOnlyForDeploymentPostprocessing</key>
			<string>0</string>
		</dict>
		<key>19D318C11867DD9200C34A5C</key>
		<dict>
			<key>buildConfigurationList</key>
			<string>19D318F41867DD9200C34A5C</string>
			<key>buildPhases</key>
			<array>
				<string>2DDC0046D765403B94F8E5F9</string>
				<string>19D318BE1867DD9200C34A5C</string>
				<string>19D318BF1867DD9200C34A5C</string>
				<string>19D318C01867DD9200C34A5C</string>
				<string>65BB867AC7754A8DB0E53C6A</string>
			</array>
			<key>buildRules</key>
			<array/>
			<key>dependencies</key>
			<array/>
			<key>isa</key>
			<string>PBXNativeTarget</string>
			<key>name</key>
			<string>Pearing App</string>
			<key>productName</key>
			<string>Pearing App</string>
			<key>productReference</key>
			<string>19D318C21867DD9200C34A5C</string>
			<key>productType</key>
			<string>com.apple.product-type.application</string>
		</dict>
		<key>19D318C21867DD9200C34A5C</key>
		<dict>
			<key>explicitFileType</key>
			<string>wrapper.application</string>
			<key>includeInIndex</key>
			<string>0</string>
			<key>isa</key>
			<string>PBXFileReference</string>
			<key>path</key>
			<string>Pearing App.app</string>
			<key>sourceTree</key>
			<string>BUILT_PRODUCTS_DIR</string>
		</dict>
		<key>19D318C31867DD9200C34A5C</key>
		<dict>
			<key>children</key>
			<array>
				<string>19D318C21867DD9200C34A5C</string>
				<string>19D318E31867DD9200C34A5C</string>
			</array>
			<key>isa</key>
			<string>PBXGroup</string>
			<key>name</key>
			<string>Products</string>
			<key>sourceTree</key>
			<string>&lt;group&gt;</string>
		</dict>
		<key>19D318C41867DD9200C34A5C</key>
		<dict>
			<key>children</key>
			<array>
				<string>19DC5BE21874CDDE0035EE30</string>
				<string>19D318C51867DD9200C34A5C</string>
				<string>19D318C71867DD9200C34A5C</string>
				<string>19D318C91867DD9200C34A5C</string>
				<string>19D318E41867DD9200C34A5C</string>
				<string>6EC4B2516F4D4518B12C79D5</string>
			</array>
			<key>isa</key>
			<string>PBXGroup</string>
			<key>name</key>
			<string>Frameworks</string>
			<key>sourceTree</key>
			<string>&lt;group&gt;</string>
		</dict>
		<key>19D318C51867DD9200C34A5C</key>
		<dict>
			<key>isa</key>
			<string>PBXFileReference</string>
			<key>lastKnownFileType</key>
			<string>wrapper.framework</string>
			<key>name</key>
			<string>Foundation.framework</string>
			<key>path</key>
			<string>System/Library/Frameworks/Foundation.framework</string>
			<key>sourceTree</key>
			<string>SDKROOT</string>
		</dict>
		<key>19D318C61867DD9200C34A5C</key>
		<dict>
			<key>fileRef</key>
			<string>19D318C51867DD9200C34A5C</string>
			<key>isa</key>
			<string>PBXBuildFile</string>
		</dict>
		<key>19D318C71867DD9200C34A5C</key>
		<dict>
			<key>isa</key>
			<string>PBXFileReference</string>
			<key>lastKnownFileType</key>
			<string>wrapper.framework</string>
			<key>name</key>
			<string>CoreGraphics.framework</string>
			<key>path</key>
			<string>System/Library/Frameworks/CoreGraphics.framework</string>
			<key>sourceTree</key>
			<string>SDKROOT</string>
		</dict>
		<key>19D318C81867DD9200C34A5C</key>
		<dict>
			<key>fileRef</key>
			<string>19D318C71867DD9200C34A5C</string>
			<key>isa</key>
			<string>PBXBuildFile</string>
		</dict>
		<key>19D318C91867DD9200C34A5C</key>
		<dict>
			<key>isa</key>
			<string>PBXFileReference</string>
			<key>lastKnownFileType</key>
			<string>wrapper.framework</string>
			<key>name</key>
			<string>UIKit.framework</string>
			<key>path</key>
			<string>System/Library/Frameworks/UIKit.framework</string>
			<key>sourceTree</key>
			<string>SDKROOT</string>
		</dict>
		<key>19D318CA1867DD9200C34A5C</key>
		<dict>
			<key>fileRef</key>
			<string>19D318C91867DD9200C34A5C</string>
			<key>isa</key>
			<string>PBXBuildFile</string>
		</dict>
		<key>19D318CB1867DD9200C34A5C</key>
		<dict>
			<key>children</key>
			<array>
				<string>C0E1718D188BC91500435DCE</string>
				<string>C0E1718C188BC90D00435DCE</string>
				<string>C0E1718B188BC90700435DCE</string>
				<string>19D318D41867DD9200C34A5C</string>
				<string>19D318D51867DD9200C34A5C</string>
				<string>19D318D71867DD9200C34A5C</string>
				<string>19D318CC1867DD9200C34A5C</string>
				<string>19D318DD1867DD9200C34A5C</string>
			</array>
			<key>isa</key>
			<string>PBXGroup</string>
			<key>path</key>
			<string>Pearing App</string>
			<key>sourceTree</key>
			<string>&lt;group&gt;</string>
		</dict>
		<key>19D318CC1867DD9200C34A5C</key>
		<dict>
			<key>children</key>
			<array>
				<string>19D318FD1867F1BD00C34A5C</string>
				<string>19D318CD1867DD9200C34A5C</string>
				<string>19D318CE1867DD9200C34A5C</string>
				<string>19D318D11867DD9200C34A5C</string>
				<string>19D318D31867DD9200C34A5C</string>
			</array>
			<key>isa</key>
			<string>PBXGroup</string>
			<key>name</key>
			<string>Supporting Files</string>
			<key>sourceTree</key>
			<string>&lt;group&gt;</string>
		</dict>
		<key>19D318CD1867DD9200C34A5C</key>
		<dict>
			<key>isa</key>
			<string>PBXFileReference</string>
			<key>lastKnownFileType</key>
			<string>text.plist.xml</string>
			<key>path</key>
			<string>Pearing App-Info.plist</string>
			<key>sourceTree</key>
			<string>&lt;group&gt;</string>
		</dict>
		<key>19D318CE1867DD9200C34A5C</key>
		<dict>
			<key>children</key>
			<array>
				<string>19D318CF1867DD9200C34A5C</string>
			</array>
			<key>isa</key>
			<string>PBXVariantGroup</string>
			<key>name</key>
			<string>InfoPlist.strings</string>
			<key>sourceTree</key>
			<string>&lt;group&gt;</string>
		</dict>
		<key>19D318CF1867DD9200C34A5C</key>
		<dict>
			<key>isa</key>
			<string>PBXFileReference</string>
			<key>lastKnownFileType</key>
			<string>text.plist.strings</string>
			<key>name</key>
			<string>en</string>
			<key>path</key>
			<string>en.lproj/InfoPlist.strings</string>
			<key>sourceTree</key>
			<string>&lt;group&gt;</string>
		</dict>
		<key>19D318D01867DD9200C34A5C</key>
		<dict>
			<key>fileRef</key>
			<string>19D318CE1867DD9200C34A5C</string>
			<key>isa</key>
			<string>PBXBuildFile</string>
		</dict>
		<key>19D318D11867DD9200C34A5C</key>
		<dict>
			<key>isa</key>
			<string>PBXFileReference</string>
			<key>lastKnownFileType</key>
			<string>sourcecode.c.objc</string>
			<key>path</key>
			<string>main.m</string>
			<key>sourceTree</key>
			<string>&lt;group&gt;</string>
		</dict>
		<key>19D318D21867DD9200C34A5C</key>
		<dict>
			<key>fileRef</key>
			<string>19D318D11867DD9200C34A5C</string>
			<key>isa</key>
			<string>PBXBuildFile</string>
		</dict>
		<key>19D318D31867DD9200C34A5C</key>
		<dict>
			<key>isa</key>
			<string>PBXFileReference</string>
			<key>lastKnownFileType</key>
			<string>sourcecode.c.h</string>
			<key>path</key>
			<string>Pearing App-Prefix.pch</string>
			<key>sourceTree</key>
			<string>&lt;group&gt;</string>
		</dict>
		<key>19D318D41867DD9200C34A5C</key>
		<dict>
			<key>isa</key>
			<string>PBXFileReference</string>
			<key>lastKnownFileType</key>
			<string>sourcecode.c.h</string>
			<key>path</key>
			<string>AppDelegate.h</string>
			<key>sourceTree</key>
			<string>&lt;group&gt;</string>
		</dict>
		<key>19D318D51867DD9200C34A5C</key>
		<dict>
			<key>isa</key>
			<string>PBXFileReference</string>
			<key>lastKnownFileType</key>
			<string>sourcecode.c.objc</string>
			<key>path</key>
			<string>AppDelegate.m</string>
			<key>sourceTree</key>
			<string>&lt;group&gt;</string>
		</dict>
		<key>19D318D61867DD9200C34A5C</key>
		<dict>
			<key>fileRef</key>
			<string>19D318D51867DD9200C34A5C</string>
			<key>isa</key>
			<string>PBXBuildFile</string>
		</dict>
		<key>19D318D71867DD9200C34A5C</key>
		<dict>
			<key>children</key>
			<array>
				<string>19D318D81867DD9200C34A5C</string>
			</array>
			<key>isa</key>
			<string>PBXVariantGroup</string>
			<key>name</key>
			<string>Main.storyboard</string>
			<key>sourceTree</key>
			<string>&lt;group&gt;</string>
		</dict>
		<key>19D318D81867DD9200C34A5C</key>
		<dict>
			<key>isa</key>
			<string>PBXFileReference</string>
			<key>lastKnownFileType</key>
			<string>file.storyboard</string>
			<key>name</key>
			<string>Base</string>
			<key>path</key>
			<string>Base.lproj/Main.storyboard</string>
			<key>sourceTree</key>
			<string>&lt;group&gt;</string>
		</dict>
		<key>19D318D91867DD9200C34A5C</key>
		<dict>
			<key>fileRef</key>
			<string>19D318D71867DD9200C34A5C</string>
			<key>isa</key>
			<string>PBXBuildFile</string>
		</dict>
		<key>19D318DA1867DD9200C34A5C</key>
		<dict>
			<key>isa</key>
			<string>PBXFileReference</string>
			<key>lastKnownFileType</key>
			<string>sourcecode.c.h</string>
			<key>path</key>
			<string>ViewController.h</string>
			<key>sourceTree</key>
			<string>&lt;group&gt;</string>
		</dict>
		<key>19D318DB1867DD9200C34A5C</key>
		<dict>
			<key>isa</key>
			<string>PBXFileReference</string>
			<key>lastKnownFileType</key>
			<string>sourcecode.c.objc</string>
			<key>path</key>
			<string>ViewController.m</string>
			<key>sourceTree</key>
			<string>&lt;group&gt;</string>
		</dict>
		<key>19D318DC1867DD9200C34A5C</key>
		<dict>
			<key>fileRef</key>
			<string>19D318DB1867DD9200C34A5C</string>
			<key>isa</key>
			<string>PBXBuildFile</string>
		</dict>
		<key>19D318DD1867DD9200C34A5C</key>
		<dict>
			<key>isa</key>
			<string>PBXFileReference</string>
			<key>lastKnownFileType</key>
			<string>folder.assetcatalog</string>
			<key>path</key>
			<string>Images.xcassets</string>
			<key>sourceTree</key>
			<string>&lt;group&gt;</string>
		</dict>
		<key>19D318DE1867DD9200C34A5C</key>
		<dict>
			<key>fileRef</key>
			<string>19D318DD1867DD9200C34A5C</string>
			<key>isa</key>
			<string>PBXBuildFile</string>
		</dict>
		<key>19D318DF1867DD9200C34A5C</key>
		<dict>
			<key>buildActionMask</key>
			<string>2147483647</string>
			<key>files</key>
			<array>
				<string>19D318F11867DD9200C34A5C</string>
			</array>
			<key>isa</key>
			<string>PBXSourcesBuildPhase</string>
			<key>runOnlyForDeploymentPostprocessing</key>
			<string>0</string>
		</dict>
		<key>19D318E01867DD9200C34A5C</key>
		<dict>
			<key>buildActionMask</key>
			<string>2147483647</string>
			<key>files</key>
			<array>
				<string>19D318E51867DD9200C34A5C</string>
				<string>19D318E71867DD9200C34A5C</string>
				<string>19D318E61867DD9200C34A5C</string>
			</array>
			<key>isa</key>
			<string>PBXFrameworksBuildPhase</string>
			<key>runOnlyForDeploymentPostprocessing</key>
			<string>0</string>
		</dict>
		<key>19D318E11867DD9200C34A5C</key>
		<dict>
			<key>buildActionMask</key>
			<string>2147483647</string>
			<key>files</key>
			<array>
				<string>19D318EF1867DD9200C34A5C</string>
			</array>
			<key>isa</key>
			<string>PBXResourcesBuildPhase</string>
			<key>runOnlyForDeploymentPostprocessing</key>
			<string>0</string>
		</dict>
		<key>19D318E21867DD9200C34A5C</key>
		<dict>
			<key>buildConfigurationList</key>
			<string>19D318F71867DD9200C34A5C</string>
			<key>buildPhases</key>
			<array>
				<string>19D318DF1867DD9200C34A5C</string>
				<string>19D318E01867DD9200C34A5C</string>
				<string>19D318E11867DD9200C34A5C</string>
			</array>
			<key>buildRules</key>
			<array/>
			<key>dependencies</key>
			<array>
				<string>19D318E91867DD9200C34A5C</string>
			</array>
			<key>isa</key>
			<string>PBXNativeTarget</string>
			<key>name</key>
			<string>Pearing AppTests</string>
			<key>productName</key>
			<string>Pearing AppTests</string>
			<key>productReference</key>
			<string>19D318E31867DD9200C34A5C</string>
			<key>productType</key>
			<string>com.apple.product-type.bundle.unit-test</string>
		</dict>
		<key>19D318E31867DD9200C34A5C</key>
		<dict>
			<key>explicitFileType</key>
			<string>wrapper.cfbundle</string>
			<key>includeInIndex</key>
			<string>0</string>
			<key>isa</key>
			<string>PBXFileReference</string>
			<key>path</key>
			<string>Pearing AppTests.xctest</string>
			<key>sourceTree</key>
			<string>BUILT_PRODUCTS_DIR</string>
		</dict>
		<key>19D318E41867DD9200C34A5C</key>
		<dict>
			<key>isa</key>
			<string>PBXFileReference</string>
			<key>lastKnownFileType</key>
			<string>wrapper.framework</string>
			<key>name</key>
			<string>XCTest.framework</string>
			<key>path</key>
			<string>Library/Frameworks/XCTest.framework</string>
			<key>sourceTree</key>
			<string>DEVELOPER_DIR</string>
		</dict>
		<key>19D318E51867DD9200C34A5C</key>
		<dict>
			<key>fileRef</key>
			<string>19D318E41867DD9200C34A5C</string>
			<key>isa</key>
			<string>PBXBuildFile</string>
		</dict>
		<key>19D318E61867DD9200C34A5C</key>
		<dict>
			<key>fileRef</key>
			<string>19D318C51867DD9200C34A5C</string>
			<key>isa</key>
			<string>PBXBuildFile</string>
		</dict>
		<key>19D318E71867DD9200C34A5C</key>
		<dict>
			<key>fileRef</key>
			<string>19D318C91867DD9200C34A5C</string>
			<key>isa</key>
			<string>PBXBuildFile</string>
		</dict>
		<key>19D318E81867DD9200C34A5C</key>
		<dict>
			<key>containerPortal</key>
			<string>19D318BA1867DD9100C34A5C</string>
			<key>isa</key>
			<string>PBXContainerItemProxy</string>
			<key>proxyType</key>
			<string>1</string>
			<key>remoteGlobalIDString</key>
			<string>19D318C11867DD9200C34A5C</string>
			<key>remoteInfo</key>
			<string>Pearing App</string>
		</dict>
		<key>19D318E91867DD9200C34A5C</key>
		<dict>
			<key>isa</key>
			<string>PBXTargetDependency</string>
			<key>target</key>
			<string>19D318C11867DD9200C34A5C</string>
			<key>targetProxy</key>
			<string>19D318E81867DD9200C34A5C</string>
		</dict>
		<key>19D318EA1867DD9200C34A5C</key>
		<dict>
			<key>children</key>
			<array>
				<string>19D318F01867DD9200C34A5C</string>
				<string>19D318EB1867DD9200C34A5C</string>
			</array>
			<key>isa</key>
			<string>PBXGroup</string>
			<key>path</key>
			<string>Pearing AppTests</string>
			<key>sourceTree</key>
			<string>&lt;group&gt;</string>
		</dict>
		<key>19D318EB1867DD9200C34A5C</key>
		<dict>
			<key>children</key>
			<array>
				<string>19D318EC1867DD9200C34A5C</string>
				<string>19D318ED1867DD9200C34A5C</string>
			</array>
			<key>isa</key>
			<string>PBXGroup</string>
			<key>name</key>
			<string>Supporting Files</string>
			<key>sourceTree</key>
			<string>&lt;group&gt;</string>
		</dict>
		<key>19D318EC1867DD9200C34A5C</key>
		<dict>
			<key>isa</key>
			<string>PBXFileReference</string>
			<key>lastKnownFileType</key>
			<string>text.plist.xml</string>
			<key>path</key>
			<string>Pearing AppTests-Info.plist</string>
			<key>sourceTree</key>
			<string>&lt;group&gt;</string>
		</dict>
		<key>19D318ED1867DD9200C34A5C</key>
		<dict>
			<key>children</key>
			<array>
				<string>19D318EE1867DD9200C34A5C</string>
			</array>
			<key>isa</key>
			<string>PBXVariantGroup</string>
			<key>name</key>
			<string>InfoPlist.strings</string>
			<key>sourceTree</key>
			<string>&lt;group&gt;</string>
		</dict>
		<key>19D318EE1867DD9200C34A5C</key>
		<dict>
			<key>isa</key>
			<string>PBXFileReference</string>
			<key>lastKnownFileType</key>
			<string>text.plist.strings</string>
			<key>name</key>
			<string>en</string>
			<key>path</key>
			<string>en.lproj/InfoPlist.strings</string>
			<key>sourceTree</key>
			<string>&lt;group&gt;</string>
		</dict>
		<key>19D318EF1867DD9200C34A5C</key>
		<dict>
			<key>fileRef</key>
			<string>19D318ED1867DD9200C34A5C</string>
			<key>isa</key>
			<string>PBXBuildFile</string>
		</dict>
		<key>19D318F01867DD9200C34A5C</key>
		<dict>
			<key>isa</key>
			<string>PBXFileReference</string>
			<key>lastKnownFileType</key>
			<string>sourcecode.c.objc</string>
			<key>path</key>
			<string>Pearing_AppTests.m</string>
			<key>sourceTree</key>
			<string>&lt;group&gt;</string>
		</dict>
		<key>19D318F11867DD9200C34A5C</key>
		<dict>
			<key>fileRef</key>
			<string>19D318F01867DD9200C34A5C</string>
			<key>isa</key>
			<string>PBXBuildFile</string>
		</dict>
		<key>19D318F21867DD9200C34A5C</key>
		<dict>
			<key>buildSettings</key>
			<dict>
				<key>ALWAYS_SEARCH_USER_PATHS</key>
				<string>NO</string>
				<key>ARCHS</key>
				<string>$(ARCHS_STANDARD_INCLUDING_64_BIT)</string>
				<key>CLANG_CXX_LANGUAGE_STANDARD</key>
				<string>gnu++0x</string>
				<key>CLANG_CXX_LIBRARY</key>
				<string>libc++</string>
				<key>CLANG_ENABLE_MODULES</key>
				<string>YES</string>
				<key>CLANG_ENABLE_OBJC_ARC</key>
				<string>YES</string>
				<key>CLANG_WARN_BOOL_CONVERSION</key>
				<string>YES</string>
				<key>CLANG_WARN_CONSTANT_CONVERSION</key>
				<string>YES</string>
				<key>CLANG_WARN_DIRECT_OBJC_ISA_USAGE</key>
				<string>YES_ERROR</string>
				<key>CLANG_WARN_EMPTY_BODY</key>
				<string>YES</string>
				<key>CLANG_WARN_ENUM_CONVERSION</key>
				<string>YES</string>
				<key>CLANG_WARN_INT_CONVERSION</key>
				<string>YES</string>
				<key>CLANG_WARN_OBJC_ROOT_CLASS</key>
				<string>YES_ERROR</string>
				<key>CLANG_WARN__DUPLICATE_METHOD_MATCH</key>
				<string>YES</string>
				<key>CODE_SIGN_IDENTITY[sdk=iphoneos*]</key>
				<string>iPhone Developer</string>
				<key>COPY_PHASE_STRIP</key>
				<string>NO</string>
				<key>GCC_C_LANGUAGE_STANDARD</key>
				<string>gnu99</string>
				<key>GCC_DYNAMIC_NO_PIC</key>
				<string>NO</string>
				<key>GCC_OPTIMIZATION_LEVEL</key>
				<string>0</string>
				<key>GCC_PREPROCESSOR_DEFINITIONS</key>
				<array>
					<string>DEBUG=1</string>
					<string>$(inherited)</string>
				</array>
				<key>GCC_SYMBOLS_PRIVATE_EXTERN</key>
				<string>NO</string>
				<key>GCC_WARN_64_TO_32_BIT_CONVERSION</key>
				<string>YES</string>
				<key>GCC_WARN_ABOUT_RETURN_TYPE</key>
				<string>YES_ERROR</string>
				<key>GCC_WARN_UNDECLARED_SELECTOR</key>
				<string>YES</string>
				<key>GCC_WARN_UNINITIALIZED_AUTOS</key>
				<string>YES</string>
				<key>GCC_WARN_UNUSED_FUNCTION</key>
				<string>YES</string>
				<key>GCC_WARN_UNUSED_VARIABLE</key>
				<string>YES</string>
				<key>IPHONEOS_DEPLOYMENT_TARGET</key>
				<string>7.0</string>
				<key>ONLY_ACTIVE_ARCH</key>
				<string>YES</string>
				<key>SDKROOT</key>
				<string>iphoneos</string>
			</dict>
			<key>isa</key>
			<string>XCBuildConfiguration</string>
			<key>name</key>
			<string>Debug</string>
		</dict>
		<key>19D318F31867DD9200C34A5C</key>
		<dict>
			<key>buildSettings</key>
			<dict>
				<key>ALWAYS_SEARCH_USER_PATHS</key>
				<string>NO</string>
				<key>ARCHS</key>
				<string>$(ARCHS_STANDARD_INCLUDING_64_BIT)</string>
				<key>CLANG_CXX_LANGUAGE_STANDARD</key>
				<string>gnu++0x</string>
				<key>CLANG_CXX_LIBRARY</key>
				<string>libc++</string>
				<key>CLANG_ENABLE_MODULES</key>
				<string>YES</string>
				<key>CLANG_ENABLE_OBJC_ARC</key>
				<string>YES</string>
				<key>CLANG_WARN_BOOL_CONVERSION</key>
				<string>YES</string>
				<key>CLANG_WARN_CONSTANT_CONVERSION</key>
				<string>YES</string>
				<key>CLANG_WARN_DIRECT_OBJC_ISA_USAGE</key>
				<string>YES_ERROR</string>
				<key>CLANG_WARN_EMPTY_BODY</key>
				<string>YES</string>
				<key>CLANG_WARN_ENUM_CONVERSION</key>
				<string>YES</string>
				<key>CLANG_WARN_INT_CONVERSION</key>
				<string>YES</string>
				<key>CLANG_WARN_OBJC_ROOT_CLASS</key>
				<string>YES_ERROR</string>
				<key>CLANG_WARN__DUPLICATE_METHOD_MATCH</key>
				<string>YES</string>
				<key>CODE_SIGN_IDENTITY[sdk=iphoneos*]</key>
				<string>iPhone Developer</string>
				<key>COPY_PHASE_STRIP</key>
				<string>YES</string>
				<key>ENABLE_NS_ASSERTIONS</key>
				<string>NO</string>
				<key>GCC_C_LANGUAGE_STANDARD</key>
				<string>gnu99</string>
				<key>GCC_WARN_64_TO_32_BIT_CONVERSION</key>
				<string>YES</string>
				<key>GCC_WARN_ABOUT_RETURN_TYPE</key>
				<string>YES_ERROR</string>
				<key>GCC_WARN_UNDECLARED_SELECTOR</key>
				<string>YES</string>
				<key>GCC_WARN_UNINITIALIZED_AUTOS</key>
				<string>YES</string>
				<key>GCC_WARN_UNUSED_FUNCTION</key>
				<string>YES</string>
				<key>GCC_WARN_UNUSED_VARIABLE</key>
				<string>YES</string>
				<key>IPHONEOS_DEPLOYMENT_TARGET</key>
				<string>7.0</string>
				<key>SDKROOT</key>
				<string>iphoneos</string>
				<key>VALIDATE_PRODUCT</key>
				<string>YES</string>
			</dict>
			<key>isa</key>
			<string>XCBuildConfiguration</string>
			<key>name</key>
			<string>Release</string>
		</dict>
		<key>19D318F41867DD9200C34A5C</key>
		<dict>
			<key>buildConfigurations</key>
			<array>
				<string>19D318F51867DD9200C34A5C</string>
				<string>19D318F61867DD9200C34A5C</string>
			</array>
			<key>defaultConfigurationIsVisible</key>
			<string>0</string>
			<key>defaultConfigurationName</key>
			<string>Release</string>
			<key>isa</key>
			<string>XCConfigurationList</string>
		</dict>
		<key>19D318F51867DD9200C34A5C</key>
		<dict>
			<key>baseConfigurationReference</key>
			<string>A16A296930C14578BDEE9CB0</string>
			<key>buildSettings</key>
			<dict>
				<key>ASSETCATALOG_COMPILER_APPICON_NAME</key>
				<string>AppIcon</string>
				<key>ASSETCATALOG_COMPILER_LAUNCHIMAGE_NAME</key>
				<string>LaunchImage</string>
				<key>CODE_SIGN_IDENTITY</key>
				<string>iPhone Developer</string>
				<key>CODE_SIGN_IDENTITY[sdk=iphoneos*]</key>
				<string>iPhone Developer</string>
				<key>GCC_PRECOMPILE_PREFIX_HEADER</key>
				<string>YES</string>
				<key>GCC_PREFIX_HEADER</key>
				<string>Pearing App/Pearing App-Prefix.pch</string>
				<key>INFOPLIST_FILE</key>
				<string>Pearing App/Pearing App-Info.plist</string>
				<key>PRODUCT_NAME</key>
				<string>$(TARGET_NAME)</string>
				<key>PROVISIONING_PROFILE</key>
				<string></string>
				<key>WRAPPER_EXTENSION</key>
				<string>app</string>
			</dict>
			<key>isa</key>
			<string>XCBuildConfiguration</string>
			<key>name</key>
			<string>Debug</string>
		</dict>
		<key>19D318F61867DD9200C34A5C</key>
		<dict>
			<key>baseConfigurationReference</key>
			<string>A16A296930C14578BDEE9CB0</string>
			<key>buildSettings</key>
			<dict>
				<key>ASSETCATALOG_COMPILER_APPICON_NAME</key>
				<string>AppIcon</string>
				<key>ASSETCATALOG_COMPILER_LAUNCHIMAGE_NAME</key>
				<string>LaunchImage</string>
				<key>CODE_SIGN_IDENTITY</key>
				<string>iPhone Developer</string>
				<key>CODE_SIGN_IDENTITY[sdk=iphoneos*]</key>
				<string>iPhone Developer</string>
				<key>GCC_PRECOMPILE_PREFIX_HEADER</key>
				<string>YES</string>
				<key>GCC_PREFIX_HEADER</key>
				<string>Pearing App/Pearing App-Prefix.pch</string>
				<key>INFOPLIST_FILE</key>
				<string>Pearing App/Pearing App-Info.plist</string>
				<key>PRODUCT_NAME</key>
				<string>$(TARGET_NAME)</string>
				<key>PROVISIONING_PROFILE</key>
				<string></string>
				<key>WRAPPER_EXTENSION</key>
				<string>app</string>
			</dict>
			<key>isa</key>
			<string>XCBuildConfiguration</string>
			<key>name</key>
			<string>Release</string>
		</dict>
		<key>19D318F71867DD9200C34A5C</key>
		<dict>
			<key>buildConfigurations</key>
			<array>
				<string>19D318F81867DD9200C34A5C</string>
				<string>19D318F91867DD9200C34A5C</string>
			</array>
			<key>defaultConfigurationIsVisible</key>
			<string>0</string>
			<key>defaultConfigurationName</key>
			<string>Release</string>
			<key>isa</key>
			<string>XCConfigurationList</string>
		</dict>
		<key>19D318F81867DD9200C34A5C</key>
		<dict>
			<key>buildSettings</key>
			<dict>
				<key>ARCHS</key>
				<string>$(ARCHS_STANDARD_INCLUDING_64_BIT)</string>
				<key>BUNDLE_LOADER</key>
				<string>$(BUILT_PRODUCTS_DIR)/Pearing App.app/Pearing App</string>
				<key>FRAMEWORK_SEARCH_PATHS</key>
				<array>
					<string>$(SDKROOT)/Developer/Library/Frameworks</string>
					<string>$(inherited)</string>
					<string>$(DEVELOPER_FRAMEWORKS_DIR)</string>
				</array>
				<key>GCC_PRECOMPILE_PREFIX_HEADER</key>
				<string>YES</string>
				<key>GCC_PREFIX_HEADER</key>
				<string>Pearing App/Pearing App-Prefix.pch</string>
				<key>GCC_PREPROCESSOR_DEFINITIONS</key>
				<array>
					<string>DEBUG=1</string>
					<string>$(inherited)</string>
				</array>
				<key>INFOPLIST_FILE</key>
				<string>Pearing AppTests/Pearing AppTests-Info.plist</string>
				<key>PRODUCT_NAME</key>
				<string>$(TARGET_NAME)</string>
				<key>TEST_HOST</key>
				<string>$(BUNDLE_LOADER)</string>
				<key>WRAPPER_EXTENSION</key>
				<string>xctest</string>
			</dict>
			<key>isa</key>
			<string>XCBuildConfiguration</string>
			<key>name</key>
			<string>Debug</string>
		</dict>
		<key>19D318F91867DD9200C34A5C</key>
		<dict>
			<key>buildSettings</key>
			<dict>
				<key>ARCHS</key>
				<string>$(ARCHS_STANDARD_INCLUDING_64_BIT)</string>
				<key>BUNDLE_LOADER</key>
				<string>$(BUILT_PRODUCTS_DIR)/Pearing App.app/Pearing App</string>
				<key>FRAMEWORK_SEARCH_PATHS</key>
				<array>
					<string>$(SDKROOT)/Developer/Library/Frameworks</string>
					<string>$(inherited)</string>
					<string>$(DEVELOPER_FRAMEWORKS_DIR)</string>
				</array>
				<key>GCC_PRECOMPILE_PREFIX_HEADER</key>
				<string>YES</string>
				<key>GCC_PREFIX_HEADER</key>
				<string>Pearing App/Pearing App-Prefix.pch</string>
				<key>INFOPLIST_FILE</key>
				<string>Pearing AppTests/Pearing AppTests-Info.plist</string>
				<key>PRODUCT_NAME</key>
				<string>$(TARGET_NAME)</string>
				<key>TEST_HOST</key>
				<string>$(BUNDLE_LOADER)</string>
				<key>WRAPPER_EXTENSION</key>
				<string>xctest</string>
			</dict>
			<key>isa</key>
			<string>XCBuildConfiguration</string>
			<key>name</key>
			<string>Release</string>
		</dict>
		<key>19D318FA1867EF4700C34A5C</key>
		<dict>
			<key>fileEncoding</key>
			<string>4</string>
			<key>isa</key>
			<string>PBXFileReference</string>
			<key>lastKnownFileType</key>
			<string>sourcecode.c.h</string>
			<key>path</key>
			<string>LoginViewController.h</string>
			<key>sourceTree</key>
			<string>&lt;group&gt;</string>
		</dict>
		<key>19D318FB1867EF4700C34A5C</key>
		<dict>
			<key>fileEncoding</key>
			<string>4</string>
			<key>isa</key>
			<string>PBXFileReference</string>
			<key>lastKnownFileType</key>
			<string>sourcecode.c.objc</string>
			<key>path</key>
			<string>LoginViewController.m</string>
			<key>sourceTree</key>
			<string>&lt;group&gt;</string>
		</dict>
		<key>19D318FC1867EF4700C34A5C</key>
		<dict>
			<key>fileRef</key>
			<string>19D318FB1867EF4700C34A5C</string>
			<key>isa</key>
			<string>PBXBuildFile</string>
		</dict>
		<key>19D318FD1867F1BD00C34A5C</key>
		<dict>
			<key>children</key>
			<array>
				<string>C03FA84F18728FC7001E7597</string>
			</array>
			<key>isa</key>
			<string>PBXGroup</string>
			<key>name</key>
			<string>Images</string>
			<key>sourceTree</key>
			<string>&lt;group&gt;</string>
		</dict>
		<key>19DC5BC5186828AA0035EE30</key>
		<dict>
			<key>fileEncoding</key>
			<string>4</string>
			<key>isa</key>
			<string>PBXFileReference</string>
			<key>lastKnownFileType</key>
			<string>sourcecode.c.h</string>
			<key>path</key>
			<string>InstagramLoginViewController.h</string>
			<key>sourceTree</key>
			<string>&lt;group&gt;</string>
		</dict>
		<key>19DC5BC6186828AA0035EE30</key>
		<dict>
			<key>fileEncoding</key>
			<string>4</string>
			<key>isa</key>
			<string>PBXFileReference</string>
			<key>lastKnownFileType</key>
			<string>sourcecode.c.objc</string>
			<key>path</key>
			<string>InstagramLoginViewController.m</string>
			<key>sourceTree</key>
			<string>&lt;group&gt;</string>
		</dict>
		<key>19DC5BC7186828AA0035EE30</key>
		<dict>
			<key>fileRef</key>
			<string>19DC5BC6186828AA0035EE30</string>
			<key>isa</key>
			<string>PBXBuildFile</string>
		</dict>
		<key>19DC5BC818682F130035EE30</key>
		<dict>
			<key>fileEncoding</key>
			<string>4</string>
			<key>isa</key>
			<string>PBXFileReference</string>
			<key>lastKnownFileType</key>
			<string>sourcecode.c.h</string>
			<key>path</key>
			<string>GetStartedViewController.h</string>
			<key>sourceTree</key>
			<string>&lt;group&gt;</string>
		</dict>
		<key>19DC5BC918682F130035EE30</key>
		<dict>
			<key>fileEncoding</key>
			<string>4</string>
			<key>isa</key>
			<string>PBXFileReference</string>
			<key>lastKnownFileType</key>
			<string>sourcecode.c.objc</string>
			<key>path</key>
			<string>GetStartedViewController.m</string>
			<key>sourceTree</key>
			<string>&lt;group&gt;</string>
		</dict>
		<key>19DC5BCA18682F130035EE30</key>
		<dict>
			<key>fileRef</key>
			<string>19DC5BC918682F130035EE30</string>
			<key>isa</key>
			<string>PBXBuildFile</string>
		</dict>
		<key>19DC5BCF1868CF380035EE30</key>
		<dict>
			<key>fileEncoding</key>
			<string>4</string>
			<key>isa</key>
			<string>PBXFileReference</string>
			<key>lastKnownFileType</key>
			<string>sourcecode.c.h</string>
			<key>path</key>
			<string>ChooseImagesViewController.h</string>
			<key>sourceTree</key>
			<string>&lt;group&gt;</string>
		</dict>
		<key>19DC5BD01868CF380035EE30</key>
		<dict>
			<key>fileEncoding</key>
			<string>4</string>
			<key>isa</key>
			<string>PBXFileReference</string>
			<key>lastKnownFileType</key>
			<string>sourcecode.c.objc</string>
			<key>path</key>
			<string>ChooseImagesViewController.m</string>
			<key>sourceTree</key>
			<string>&lt;group&gt;</string>
		</dict>
		<key>19DC5BD11868CF380035EE30</key>
		<dict>
			<key>fileRef</key>
			<string>19DC5BD01868CF380035EE30</string>
			<key>isa</key>
			<string>PBXBuildFile</string>
		</dict>
		<key>19DC5BD21868D15B0035EE30</key>
		<dict>
			<key>fileEncoding</key>
			<string>4</string>
			<key>isa</key>
			<string>PBXFileReference</string>
			<key>lastKnownFileType</key>
			<string>sourcecode.c.h</string>
			<key>path</key>
			<string>ChooseImagesCell.h</string>
			<key>sourceTree</key>
			<string>&lt;group&gt;</string>
		</dict>
		<key>19DC5BD31868D15B0035EE30</key>
		<dict>
			<key>fileEncoding</key>
			<string>4</string>
			<key>isa</key>
			<string>PBXFileReference</string>
			<key>lastKnownFileType</key>
			<string>sourcecode.c.objc</string>
			<key>path</key>
			<string>ChooseImagesCell.m</string>
			<key>sourceTree</key>
			<string>&lt;group&gt;</string>
		</dict>
		<key>19DC5BD41868D15B0035EE30</key>
		<dict>
			<key>fileRef</key>
			<string>19DC5BD31868D15B0035EE30</string>
			<key>isa</key>
			<string>PBXBuildFile</string>
		</dict>
		<key>19DC5BD9186976960035EE30</key>
		<dict>
			<key>fileEncoding</key>
			<string>4</string>
			<key>isa</key>
			<string>PBXFileReference</string>
			<key>lastKnownFileType</key>
			<string>sourcecode.c.h</string>
			<key>path</key>
			<string>ImageCache.h</string>
			<key>sourceTree</key>
			<string>&lt;group&gt;</string>
		</dict>
		<key>19DC5BDA186976970035EE30</key>
		<dict>
			<key>fileEncoding</key>
			<string>4</string>
			<key>isa</key>
			<string>PBXFileReference</string>
			<key>lastKnownFileType</key>
			<string>sourcecode.c.objc</string>
			<key>path</key>
			<string>ImageCache.m</string>
			<key>sourceTree</key>
			<string>&lt;group&gt;</string>
		</dict>
		<key>19DC5BDB186976970035EE30</key>
		<dict>
			<key>fileRef</key>
			<string>19DC5BDA186976970035EE30</string>
			<key>isa</key>
			<string>PBXBuildFile</string>
		</dict>
		<key>19DC5BDE1874A6390035EE30</key>
		<dict>
			<key>isa</key>
			<string>PBXFileReference</string>
			<key>lastKnownFileType</key>
			<string>image.png</string>
			<key>path</key>
			<string>profile_setup.png</string>
			<key>sourceTree</key>
			<string>&lt;group&gt;</string>
		</dict>
		<key>19DC5BDF1874A6390035EE30</key>
		<dict>
			<key>fileRef</key>
			<string>19DC5BDE1874A6390035EE30</string>
			<key>isa</key>
			<string>PBXBuildFile</string>
		</dict>
		<key>19DC5BE01874A7D30035EE30</key>
		<dict>
			<key>isa</key>
			<string>PBXFileReference</string>
			<key>lastKnownFileType</key>
			<string>image.png</string>
			<key>path</key>
			<string>profile_setup2.png</string>
			<key>sourceTree</key>
			<string>&lt;group&gt;</string>
		</dict>
		<key>19DC5BE11874A7D30035EE30</key>
		<dict>
			<key>fileRef</key>
			<string>19DC5BE01874A7D30035EE30</string>
			<key>isa</key>
			<string>PBXBuildFile</string>
		</dict>
		<key>19DC5BE21874CDDE0035EE30</key>
		<dict>
			<key>isa</key>
			<string>PBXFileReference</string>
			<key>lastKnownFileType</key>
			<string>wrapper.framework</string>
			<key>name</key>
			<string>QuartzCore.framework</string>
			<key>path</key>
			<string>System/Library/Frameworks/QuartzCore.framework</string>
			<key>sourceTree</key>
			<string>SDKROOT</string>
		</dict>
		<key>19DC5BE31874CDDE0035EE30</key>
		<dict>
			<key>fileRef</key>
			<string>19DC5BE21874CDDE0035EE30</string>
			<key>isa</key>
			<string>PBXBuildFile</string>
		</dict>
		<key>2DDC0046D765403B94F8E5F9</key>
		<dict>
			<key>buildActionMask</key>
			<string>2147483647</string>
			<key>files</key>
			<array/>
			<key>inputPaths</key>
			<array/>
			<key>isa</key>
			<string>PBXShellScriptBuildPhase</string>
			<key>name</key>
			<string>Check Pods Manifest.lock</string>
			<key>outputPaths</key>
			<array/>
			<key>runOnlyForDeploymentPostprocessing</key>
			<string>0</string>
			<key>shellPath</key>
			<string>/bin/sh</string>
			<key>shellScript</key>
			<string>diff "${PODS_ROOT}/../Podfile.lock" "${PODS_ROOT}/Manifest.lock" &gt; /dev/null
if [[ $? != 0 ]] ; then
    cat &lt;&lt; EOM
error: The sandbox is not in sync with the Podfile.lock. Run 'pod install' or update your CocoaPods installation.
EOM
    exit 1
fi
</string>
			<key>showEnvVarsInLog</key>
			<string>0</string>
		</dict>
		<key>3BD4D725DB7C43519525FE2B</key>
		<dict>
			<key>fileRef</key>
			<string>6EC4B2516F4D4518B12C79D5</string>
			<key>isa</key>
			<string>PBXBuildFile</string>
		</dict>
		<key>65BB867AC7754A8DB0E53C6A</key>
		<dict>
			<key>buildActionMask</key>
			<string>2147483647</string>
			<key>files</key>
			<array/>
			<key>inputPaths</key>
			<array/>
			<key>isa</key>
			<string>PBXShellScriptBuildPhase</string>
			<key>name</key>
			<string>Copy Pods Resources</string>
			<key>outputPaths</key>
			<array/>
			<key>runOnlyForDeploymentPostprocessing</key>
			<string>0</string>
			<key>shellPath</key>
			<string>/bin/sh</string>
			<key>shellScript</key>
			<string>"${SRCROOT}/Pods/Pods-resources.sh"
</string>
			<key>showEnvVarsInLog</key>
			<string>0</string>
		</dict>
		<key>6EC4B2516F4D4518B12C79D5</key>
		<dict>
			<key>explicitFileType</key>
			<string>archive.ar</string>
			<key>includeInIndex</key>
			<string>0</string>
			<key>isa</key>
			<string>PBXFileReference</string>
			<key>path</key>
			<string>libPods.a</string>
			<key>sourceTree</key>
			<string>BUILT_PRODUCTS_DIR</string>
		</dict>
		<key>A16A296930C14578BDEE9CB0</key>
		<dict>
			<key>includeInIndex</key>
			<string>1</string>
			<key>isa</key>
			<string>PBXFileReference</string>
			<key>lastKnownFileType</key>
			<string>text.xcconfig</string>
			<key>name</key>
			<string>Pods.xcconfig</string>
			<key>path</key>
			<string>Pods/Pods.xcconfig</string>
			<key>sourceTree</key>
			<string>&lt;group&gt;</string>
		</dict>
		<key>C03FA848187289AD001E7597</key>
		<dict>
			<key>isa</key>
			<string>PBXFileReference</string>
			<key>lastKnownFileType</key>
			<string>sourcecode.c.h</string>
			<key>path</key>
			<string>IImageCache.h</string>
			<key>sourceTree</key>
			<string>&lt;group&gt;</string>
		</dict>
		<key>C03FA84918728A82001E7597</key>
		<dict>
			<key>fileEncoding</key>
			<string>4</string>
			<key>isa</key>
			<string>PBXFileReference</string>
			<key>lastKnownFileType</key>
			<string>sourcecode.c.h</string>
			<key>path</key>
			<string>LoadingImageView.h</string>
			<key>sourceTree</key>
			<string>&lt;group&gt;</string>
		</dict>
		<key>C03FA84A18728A82001E7597</key>
		<dict>
			<key>fileEncoding</key>
			<string>4</string>
			<key>isa</key>
			<string>PBXFileReference</string>
			<key>lastKnownFileType</key>
			<string>sourcecode.c.objc</string>
			<key>path</key>
			<string>LoadingImageView.m</string>
			<key>sourceTree</key>
			<string>&lt;group&gt;</string>
		</dict>
		<key>C03FA84B18728A82001E7597</key>
		<dict>
			<key>fileRef</key>
			<string>C03FA84A18728A82001E7597</string>
			<key>isa</key>
			<string>PBXBuildFile</string>
		</dict>
		<key>C03FA84C18728DA7001E7597</key>
		<dict>
			<key>fileEncoding</key>
			<string>4</string>
			<key>isa</key>
			<string>PBXFileReference</string>
			<key>lastKnownFileType</key>
			<string>sourcecode.c.h</string>
			<key>path</key>
			<string>NZImageCache.h</string>
			<key>sourceTree</key>
			<string>&lt;group&gt;</string>
		</dict>
		<key>C03FA84D18728DA7001E7597</key>
		<dict>
			<key>fileEncoding</key>
			<string>4</string>
			<key>isa</key>
			<string>PBXFileReference</string>
			<key>lastKnownFileType</key>
			<string>sourcecode.c.objc</string>
			<key>path</key>
			<string>NZImageCache.m</string>
			<key>sourceTree</key>
			<string>&lt;group&gt;</string>
		</dict>
		<key>C03FA84E18728DA7001E7597</key>
		<dict>
			<key>fileRef</key>
			<string>C03FA84D18728DA7001E7597</string>
			<key>isa</key>
			<string>PBXBuildFile</string>
		</dict>
		<key>C03FA84F18728FC7001E7597</key>
		<dict>
			<key>children</key>
			<array>
				<string>19DC5BE01874A7D30035EE30</string>
				<string>19DC5BDE1874A6390035EE30</string>
				<string>C03FA85018728FC7001E7597</string>
				<string>C03FA85118728FC7001E7597</string>
				<string>C03FA85218728FC7001E7597</string>
				<string>C03FA85318728FC7001E7597</string>
				<string>C03FA85418728FC7001E7597</string>
				<string>C03FA85518728FC7001E7597</string>
				<string>C03FA85618728FC7001E7597</string>
				<string>C03FA85718728FC7001E7597</string>
				<string>C03FA85818728FC7001E7597</string>
				<string>C03FA85918728FC7001E7597</string>
				<string>C03FA85A18728FC7001E7597</string>
				<string>C03FA85B18728FC7001E7597</string>
				<string>C03FA85C18728FC7001E7597</string>
				<string>C03FA85D18728FC7001E7597</string>
				<string>C03FA85E18728FC7001E7597</string>
				<string>C03FA85F18728FC7001E7597</string>
				<string>C03FA86018728FC7001E7597</string>
				<string>C03FA86118728FC7001E7597</string>
				<string>C03FA86218728FC7001E7597</string>
				<string>C03FA86318728FC7001E7597</string>
				<string>C03FA86418728FC7001E7597</string>
				<string>C03FA86518728FC7001E7597</string>
				<string>C03FA86618728FC7001E7597</string>
				<string>C03FA86718728FC7001E7597</string>
				<string>C03FA86818728FC7001E7597</string>
				<string>C03FA86918728FC7001E7597</string>
				<string>C03FA86A18728FC7001E7597</string>
				<string>C03FA86B18728FC7001E7597</string>
				<string>C03FA86C18728FC7001E7597</string>
				<string>C03FA86D18728FC7001E7597</string>
				<string>C03FA86E18728FC7001E7597</string>
				<string>C03FA86F18728FC7001E7597</string>
				<string>C03FA87018728FC7001E7597</string>
				<string>C03FA87118728FC7001E7597</string>
				<string>C03FA87218728FC7001E7597</string>
				<string>C03FA87318728FC7001E7597</string>
				<string>C03FA87418728FC7001E7597</string>
				<string>C03FA87518728FC7001E7597</string>
				<string>C03FA87618728FC7001E7597</string>
				<string>C03FA87718728FC7001E7597</string>
				<string>C03FA87818728FC7001E7597</string>
				<string>C03FA87918728FC7001E7597</string>
				<string>C03FA87A18728FC7001E7597</string>
				<string>C03FA87B18728FC7001E7597</string>
				<string>C03FA87C18728FC7001E7597</string>
				<string>C03FA87D18728FC7001E7597</string>
				<string>C03FA87E18728FC7001E7597</string>
			</array>
			<key>isa</key>
			<string>PBXGroup</string>
			<key>path</key>
			<string>pearing_pics</string>
			<key>sourceTree</key>
			<string>&lt;group&gt;</string>
		</dict>
		<key>C03FA85018728FC7001E7597</key>
		<dict>
			<key>isa</key>
			<string>PBXFileReference</string>
			<key>lastKnownFileType</key>
			<string>image.png</string>
			<key>path</key>
			<string>1.png</string>
			<key>sourceTree</key>
			<string>&lt;group&gt;</string>
		</dict>
		<key>C03FA85118728FC7001E7597</key>
		<dict>
			<key>isa</key>
			<string>PBXFileReference</string>
			<key>lastKnownFileType</key>
			<string>image.png</string>
			<key>path</key>
			<string>10.png</string>
			<key>sourceTree</key>
			<string>&lt;group&gt;</string>
		</dict>
		<key>C03FA85218728FC7001E7597</key>
		<dict>
			<key>isa</key>
			<string>PBXFileReference</string>
			<key>lastKnownFileType</key>
			<string>image.png</string>
			<key>path</key>
			<string>11.png</string>
			<key>sourceTree</key>
			<string>&lt;group&gt;</string>
		</dict>
		<key>C03FA85318728FC7001E7597</key>
		<dict>
			<key>isa</key>
			<string>PBXFileReference</string>
			<key>lastKnownFileType</key>
			<string>image.png</string>
			<key>path</key>
			<string>12.png</string>
			<key>sourceTree</key>
			<string>&lt;group&gt;</string>
		</dict>
		<key>C03FA85418728FC7001E7597</key>
		<dict>
			<key>isa</key>
			<string>PBXFileReference</string>
			<key>lastKnownFileType</key>
			<string>image.png</string>
			<key>path</key>
			<string>13.png</string>
			<key>sourceTree</key>
			<string>&lt;group&gt;</string>
		</dict>
		<key>C03FA85518728FC7001E7597</key>
		<dict>
			<key>isa</key>
			<string>PBXFileReference</string>
			<key>lastKnownFileType</key>
			<string>image.png</string>
			<key>path</key>
			<string>14.png</string>
			<key>sourceTree</key>
			<string>&lt;group&gt;</string>
		</dict>
		<key>C03FA85618728FC7001E7597</key>
		<dict>
			<key>isa</key>
			<string>PBXFileReference</string>
			<key>lastKnownFileType</key>
			<string>image.png</string>
			<key>path</key>
			<string>15.png</string>
			<key>sourceTree</key>
			<string>&lt;group&gt;</string>
		</dict>
		<key>C03FA85718728FC7001E7597</key>
		<dict>
			<key>isa</key>
			<string>PBXFileReference</string>
			<key>lastKnownFileType</key>
			<string>image.png</string>
			<key>path</key>
			<string>2.png</string>
			<key>sourceTree</key>
			<string>&lt;group&gt;</string>
		</dict>
		<key>C03FA85818728FC7001E7597</key>
		<dict>
			<key>isa</key>
			<string>PBXFileReference</string>
			<key>lastKnownFileType</key>
			<string>image.png</string>
			<key>path</key>
			<string>3.png</string>
			<key>sourceTree</key>
			<string>&lt;group&gt;</string>
		</dict>
		<key>C03FA85918728FC7001E7597</key>
		<dict>
			<key>isa</key>
			<string>PBXFileReference</string>
			<key>lastKnownFileType</key>
			<string>image.png</string>
			<key>path</key>
			<string>4.png</string>
			<key>sourceTree</key>
			<string>&lt;group&gt;</string>
		</dict>
		<key>C03FA85A18728FC7001E7597</key>
		<dict>
			<key>isa</key>
			<string>PBXFileReference</string>
			<key>lastKnownFileType</key>
			<string>image.png</string>
			<key>path</key>
			<string>5.png</string>
			<key>sourceTree</key>
			<string>&lt;group&gt;</string>
		</dict>
		<key>C03FA85B18728FC7001E7597</key>
		<dict>
			<key>isa</key>
			<string>PBXFileReference</string>
			<key>lastKnownFileType</key>
			<string>image.png</string>
			<key>path</key>
			<string>6.png</string>
			<key>sourceTree</key>
			<string>&lt;group&gt;</string>
		</dict>
		<key>C03FA85C18728FC7001E7597</key>
		<dict>
			<key>isa</key>
			<string>PBXFileReference</string>
			<key>lastKnownFileType</key>
			<string>image.png</string>
			<key>path</key>
			<string>7.png</string>
			<key>sourceTree</key>
			<string>&lt;group&gt;</string>
		</dict>
		<key>C03FA85D18728FC7001E7597</key>
		<dict>
			<key>isa</key>
			<string>PBXFileReference</string>
			<key>lastKnownFileType</key>
			<string>image.png</string>
			<key>path</key>
			<string>8.png</string>
			<key>sourceTree</key>
			<string>&lt;group&gt;</string>
		</dict>
		<key>C03FA85E18728FC7001E7597</key>
		<dict>
			<key>isa</key>
			<string>PBXFileReference</string>
			<key>lastKnownFileType</key>
			<string>image.png</string>
			<key>path</key>
			<string>9.png</string>
			<key>sourceTree</key>
			<string>&lt;group&gt;</string>
		</dict>
		<key>C03FA85F18728FC7001E7597</key>
		<dict>
			<key>isa</key>
			<string>PBXFileReference</string>
			<key>lastKnownFileType</key>
			<string>image.png</string>
			<key>path</key>
			<string>get_started.png</string>
			<key>sourceTree</key>
			<string>&lt;group&gt;</string>
		</dict>
		<key>C03FA86018728FC7001E7597</key>
		<dict>
			<key>isa</key>
			<string>PBXFileReference</string>
			<key>lastKnownFileType</key>
			<string>image.png</string>
			<key>path</key>
			<string>hello_joe.png</string>
			<key>sourceTree</key>
			<string>&lt;group&gt;</string>
		</dict>
		<key>C03FA86118728FC7001E7597</key>
		<dict>
			<key>isa</key>
			<string>PBXFileReference</string>
			<key>lastKnownFileType</key>
			<string>image.png</string>
			<key>path</key>
			<string>insta_button.png</string>
			<key>sourceTree</key>
			<string>&lt;group&gt;</string>
		</dict>
		<key>C03FA86218728FC7001E7597</key>
		<dict>
			<key>isa</key>
			<string>PBXFileReference</string>
			<key>lastKnownFileType</key>
			<string>image.png</string>
			<key>path</key>
			<string>insta_cam.png</string>
			<key>sourceTree</key>
			<string>&lt;group&gt;</string>
		</dict>
		<key>C03FA86318728FC7001E7597</key>
		<dict>
			<key>isa</key>
			<string>PBXFileReference</string>
			<key>lastKnownFileType</key>
			<string>image.png</string>
			<key>path</key>
			<string>insta_login_bg.png</string>
			<key>sourceTree</key>
			<string>&lt;group&gt;</string>
		</dict>
		<key>C03FA86418728FC7001E7597</key>
		<dict>
			<key>isa</key>
			<string>PBXFileReference</string>
			<key>lastKnownFileType</key>
			<string>image.png</string>
			<key>path</key>
			<string>insta_login_heart.png</string>
			<key>sourceTree</key>
			<string>&lt;group&gt;</string>
		</dict>
		<key>C03FA86518728FC7001E7597</key>
		<dict>
			<key>isa</key>
			<string>PBXFileReference</string>
			<key>lastKnownFileType</key>
			<string>image.png</string>
			<key>path</key>
			<string>iOS_0000_Sign-Up-_-In.png</string>
			<key>sourceTree</key>
			<string>&lt;group&gt;</string>
		</dict>
		<key>C03FA86618728FC7001E7597</key>
		<dict>
			<key>isa</key>
			<string>PBXFileReference</string>
			<key>lastKnownFileType</key>
			<string>image.png</string>
			<key>path</key>
			<string>iOS_0001_Connected.png</string>
			<key>sourceTree</key>
			<string>&lt;group&gt;</string>
		</dict>
		<key>C03FA86718728FC7001E7597</key>
		<dict>
			<key>isa</key>
			<string>PBXFileReference</string>
			<key>lastKnownFileType</key>
			<string>image.png</string>
			<key>path</key>
			<string>iOS_0002_Pick-5-[none].png</string>
			<key>sourceTree</key>
			<string>&lt;group&gt;</string>
		</dict>
		<key>C03FA86818728FC7001E7597</key>
		<dict>
			<key>isa</key>
			<string>PBXFileReference</string>
			<key>lastKnownFileType</key>
			<string>image.png</string>
			<key>path</key>
			<string>iOS_0003_Pick-5-[5-of-5].png</string>
			<key>sourceTree</key>
			<string>&lt;group&gt;</string>
		</dict>
		<key>C03FA86918728FC7001E7597</key>
		<dict>
			<key>isa</key>
			<string>PBXFileReference</string>
			<key>lastKnownFileType</key>
			<string>image.png</string>
			<key>path</key>
			<string>iOS_0004_Editt-Profile.png</string>
			<key>sourceTree</key>
			<string>&lt;group&gt;</string>
		</dict>
		<key>C03FA86A18728FC7001E7597</key>
		<dict>
			<key>isa</key>
			<string>PBXFileReference</string>
			<key>lastKnownFileType</key>
			<string>image.png</string>
			<key>path</key>
			<string>iOS_0005_Home-Screen.png</string>
			<key>sourceTree</key>
			<string>&lt;group&gt;</string>
		</dict>
		<key>C03FA86B18728FC7001E7597</key>
		<dict>
			<key>isa</key>
			<string>PBXFileReference</string>
			<key>lastKnownFileType</key>
			<string>image.png</string>
			<key>path</key>
			<string>iOS_0005s_0002s_0001_Rounded-Rectangle-2-copy-8.png</string>
			<key>sourceTree</key>
			<string>&lt;group&gt;</string>
		</dict>
		<key>C03FA86C18728FC7001E7597</key>
		<dict>
			<key>isa</key>
			<string>PBXFileReference</string>
			<key>lastKnownFileType</key>
			<string>image.png</string>
			<key>path</key>
			<string>iOS_0005s_0002s_0003_Rounded-Rectangle-2-copy-8.png</string>
			<key>sourceTree</key>
			<string>&lt;group&gt;</string>
		</dict>
		<key>C03FA86D18728FC7001E7597</key>
		<dict>
			<key>isa</key>
			<string>PBXFileReference</string>
			<key>lastKnownFileType</key>
			<string>image.png</string>
			<key>path</key>
			<string>iOS_0005s_0002s_0005_Rounded-Rectangle-2-copy-8.png</string>
			<key>sourceTree</key>
			<string>&lt;group&gt;</string>
		</dict>
		<key>C03FA86E18728FC7001E7597</key>
		<dict>
			<key>isa</key>
			<string>PBXFileReference</string>
			<key>lastKnownFileType</key>
			<string>image.png</string>
			<key>path</key>
			<string>iOS_0005s_0002s_0007_Rounded-Rectangle-2-copy-5.png</string>
			<key>sourceTree</key>
			<string>&lt;group&gt;</string>
		</dict>
		<key>C03FA86F18728FC7001E7597</key>
		<dict>
			<key>isa</key>
			<string>PBXFileReference</string>
			<key>lastKnownFileType</key>
			<string>image.png</string>
			<key>path</key>
			<string>iOS_0005s_0002s_0009_Rounded-Rectangle-2-copy-6.png</string>
			<key>sourceTree</key>
			<string>&lt;group&gt;</string>
		</dict>
		<key>C03FA87018728FC7001E7597</key>
		<dict>
			<key>isa</key>
			<string>PBXFileReference</string>
			<key>lastKnownFileType</key>
			<string>image.png</string>
			<key>path</key>
			<string>iOS_0005s_0002s_0011_Rounded-Rectangle-2-copy-7.png</string>
			<key>sourceTree</key>
			<string>&lt;group&gt;</string>
		</dict>
		<key>C03FA87118728FC7001E7597</key>
		<dict>
			<key>isa</key>
			<string>PBXFileReference</string>
			<key>lastKnownFileType</key>
			<string>image.png</string>
			<key>path</key>
			<string>iOS_0005s_0002s_0013_Rounded-Rectangle-2-copy-4.png</string>
			<key>sourceTree</key>
			<string>&lt;group&gt;</string>
		</dict>
		<key>C03FA87218728FC7001E7597</key>
		<dict>
			<key>isa</key>
			<string>PBXFileReference</string>
			<key>lastKnownFileType</key>
			<string>image.png</string>
			<key>path</key>
			<string>iOS_0005s_0002s_0015_Rounded-Rectangle-2-copy-4.png</string>
			<key>sourceTree</key>
			<string>&lt;group&gt;</string>
		</dict>
		<key>C03FA87318728FC7001E7597</key>
		<dict>
			<key>isa</key>
			<string>PBXFileReference</string>
			<key>lastKnownFileType</key>
			<string>image.png</string>
			<key>path</key>
			<string>iOS_0005s_0002s_0017_Rounded-Rectangle-2-copy-4.png</string>
			<key>sourceTree</key>
			<string>&lt;group&gt;</string>
		</dict>
		<key>C03FA87418728FC7001E7597</key>
		<dict>
			<key>isa</key>
			<string>PBXFileReference</string>
			<key>lastKnownFileType</key>
			<string>image.png</string>
			<key>path</key>
			<string>iOS_0005s_0002s_0019_Rounded-Rectangle-2-copy-3.png</string>
			<key>sourceTree</key>
			<string>&lt;group&gt;</string>
		</dict>
		<key>C03FA87518728FC7001E7597</key>
		<dict>
			<key>isa</key>
			<string>PBXFileReference</string>
			<key>lastKnownFileType</key>
			<string>image.png</string>
			<key>path</key>
			<string>iOS_0005s_0002s_0021_Rounded-Rectangle-2-copy-3.png</string>
			<key>sourceTree</key>
			<string>&lt;group&gt;</string>
		</dict>
		<key>C03FA87618728FC7001E7597</key>
		<dict>
			<key>isa</key>
			<string>PBXFileReference</string>
			<key>lastKnownFileType</key>
			<string>image.png</string>
			<key>path</key>
			<string>iOS_0005s_0002s_0023_Rounded-Rectangle-2-copy-3.png</string>
			<key>sourceTree</key>
			<string>&lt;group&gt;</string>
		</dict>
		<key>C03FA87718728FC7001E7597</key>
		<dict>
			<key>isa</key>
			<string>PBXFileReference</string>
			<key>lastKnownFileType</key>
			<string>image.png</string>
			<key>path</key>
			<string>iOS_0005s_0002s_0025_Rounded-Rectangle-2-copy-2.png</string>
			<key>sourceTree</key>
			<string>&lt;group&gt;</string>
		</dict>
		<key>C03FA87818728FC7001E7597</key>
		<dict>
			<key>isa</key>
			<string>PBXFileReference</string>
			<key>lastKnownFileType</key>
			<string>image.png</string>
			<key>path</key>
			<string>iOS_0005s_0002s_0027_Rounded-Rectangle-2-copy.png</string>
			<key>sourceTree</key>
			<string>&lt;group&gt;</string>
		</dict>
		<key>C03FA87918728FC7001E7597</key>
		<dict>
			<key>isa</key>
			<string>PBXFileReference</string>
			<key>lastKnownFileType</key>
			<string>image.png</string>
			<key>path</key>
			<string>iOS_0005s_0002s_0029_Rounded-Rectangle-2.png</string>
			<key>sourceTree</key>
			<string>&lt;group&gt;</string>
		</dict>
		<key>C03FA87A18728FC7001E7597</key>
		<dict>
			<key>isa</key>
			<string>PBXFileReference</string>
			<key>lastKnownFileType</key>
			<string>image.png</string>
			<key>path</key>
			<string>iOS_0006_Challenges.png</string>
			<key>sourceTree</key>
			<string>&lt;group&gt;</string>
		</dict>
		<key>C03FA87B18728FC7001E7597</key>
		<dict>
			<key>isa</key>
			<string>PBXFileReference</string>
			<key>lastKnownFileType</key>
			<string>image.png</string>
			<key>path</key>
			<string>login_bg.png</string>
			<key>sourceTree</key>
			<string>&lt;group&gt;</string>
		</dict>
		<key>C03FA87C18728FC7001E7597</key>
		<dict>
			<key>isa</key>
			<string>PBXFileReference</string>
			<key>lastKnownFileType</key>
			<string>image.png</string>
			<key>path</key>
			<string>pears_login.png</string>
			<key>sourceTree</key>
			<string>&lt;group&gt;</string>
		</dict>
		<key>C03FA87D18728FC7001E7597</key>
		<dict>
			<key>isa</key>
			<string>PBXFileReference</string>
			<key>lastKnownFileType</key>
			<string>image.png</string>
			<key>path</key>
			<string>screen.png</string>
			<key>sourceTree</key>
			<string>&lt;group&gt;</string>
		</dict>
		<key>C03FA87E18728FC7001E7597</key>
		<dict>
			<key>isa</key>
			<string>PBXFileReference</string>
			<key>lastKnownFileType</key>
			<string>image.png</string>
			<key>path</key>
			<string>sign_up_button.png</string>
			<key>sourceTree</key>
			<string>&lt;group&gt;</string>
		</dict>
		<key>C03FA87F18728FC7001E7597</key>
		<dict>
			<key>fileRef</key>
			<string>C03FA85018728FC7001E7597</string>
			<key>isa</key>
			<string>PBXBuildFile</string>
		</dict>
		<key>C03FA88018728FC7001E7597</key>
		<dict>
			<key>fileRef</key>
			<string>C03FA85118728FC7001E7597</string>
			<key>isa</key>
			<string>PBXBuildFile</string>
		</dict>
		<key>C03FA88118728FC7001E7597</key>
		<dict>
			<key>fileRef</key>
			<string>C03FA85218728FC7001E7597</string>
			<key>isa</key>
			<string>PBXBuildFile</string>
		</dict>
		<key>C03FA88218728FC7001E7597</key>
		<dict>
			<key>fileRef</key>
			<string>C03FA85318728FC7001E7597</string>
			<key>isa</key>
			<string>PBXBuildFile</string>
		</dict>
		<key>C03FA88318728FC7001E7597</key>
		<dict>
			<key>fileRef</key>
			<string>C03FA85418728FC7001E7597</string>
			<key>isa</key>
			<string>PBXBuildFile</string>
		</dict>
		<key>C03FA88418728FC7001E7597</key>
		<dict>
			<key>fileRef</key>
			<string>C03FA85518728FC7001E7597</string>
			<key>isa</key>
			<string>PBXBuildFile</string>
		</dict>
		<key>C03FA88518728FC7001E7597</key>
		<dict>
			<key>fileRef</key>
			<string>C03FA85618728FC7001E7597</string>
			<key>isa</key>
			<string>PBXBuildFile</string>
		</dict>
		<key>C03FA88618728FC7001E7597</key>
		<dict>
			<key>fileRef</key>
			<string>C03FA85718728FC7001E7597</string>
			<key>isa</key>
			<string>PBXBuildFile</string>
		</dict>
		<key>C03FA88718728FC7001E7597</key>
		<dict>
			<key>fileRef</key>
			<string>C03FA85818728FC7001E7597</string>
			<key>isa</key>
			<string>PBXBuildFile</string>
		</dict>
		<key>C03FA88818728FC7001E7597</key>
		<dict>
			<key>fileRef</key>
			<string>C03FA85918728FC7001E7597</string>
			<key>isa</key>
			<string>PBXBuildFile</string>
		</dict>
		<key>C03FA88918728FC7001E7597</key>
		<dict>
			<key>fileRef</key>
			<string>C03FA85A18728FC7001E7597</string>
			<key>isa</key>
			<string>PBXBuildFile</string>
		</dict>
		<key>C03FA88A18728FC7001E7597</key>
		<dict>
			<key>fileRef</key>
			<string>C03FA85B18728FC7001E7597</string>
			<key>isa</key>
			<string>PBXBuildFile</string>
		</dict>
		<key>C03FA88B18728FC7001E7597</key>
		<dict>
			<key>fileRef</key>
			<string>C03FA85C18728FC7001E7597</string>
			<key>isa</key>
			<string>PBXBuildFile</string>
		</dict>
		<key>C03FA88C18728FC7001E7597</key>
		<dict>
			<key>fileRef</key>
			<string>C03FA85D18728FC7001E7597</string>
			<key>isa</key>
			<string>PBXBuildFile</string>
		</dict>
		<key>C03FA88D18728FC7001E7597</key>
		<dict>
			<key>fileRef</key>
			<string>C03FA85E18728FC7001E7597</string>
			<key>isa</key>
			<string>PBXBuildFile</string>
		</dict>
		<key>C03FA88E18728FC7001E7597</key>
		<dict>
			<key>fileRef</key>
			<string>C03FA85F18728FC7001E7597</string>
			<key>isa</key>
			<string>PBXBuildFile</string>
		</dict>
		<key>C03FA88F18728FC7001E7597</key>
		<dict>
			<key>fileRef</key>
			<string>C03FA86018728FC7001E7597</string>
			<key>isa</key>
			<string>PBXBuildFile</string>
		</dict>
		<key>C03FA89018728FC7001E7597</key>
		<dict>
			<key>fileRef</key>
			<string>C03FA86118728FC7001E7597</string>
			<key>isa</key>
			<string>PBXBuildFile</string>
		</dict>
		<key>C03FA89118728FC7001E7597</key>
		<dict>
			<key>fileRef</key>
			<string>C03FA86218728FC7001E7597</string>
			<key>isa</key>
			<string>PBXBuildFile</string>
		</dict>
		<key>C03FA89218728FC7001E7597</key>
		<dict>
			<key>fileRef</key>
			<string>C03FA86318728FC7001E7597</string>
			<key>isa</key>
			<string>PBXBuildFile</string>
		</dict>
		<key>C03FA89318728FC7001E7597</key>
		<dict>
			<key>fileRef</key>
			<string>C03FA86418728FC7001E7597</string>
			<key>isa</key>
			<string>PBXBuildFile</string>
		</dict>
		<key>C03FA89418728FC7001E7597</key>
		<dict>
			<key>fileRef</key>
			<string>C03FA86518728FC7001E7597</string>
			<key>isa</key>
			<string>PBXBuildFile</string>
		</dict>
		<key>C03FA89518728FC7001E7597</key>
		<dict>
			<key>fileRef</key>
			<string>C03FA86618728FC7001E7597</string>
			<key>isa</key>
			<string>PBXBuildFile</string>
		</dict>
		<key>C03FA89618728FC7001E7597</key>
		<dict>
			<key>fileRef</key>
			<string>C03FA86718728FC7001E7597</string>
			<key>isa</key>
			<string>PBXBuildFile</string>
		</dict>
		<key>C03FA89718728FC7001E7597</key>
		<dict>
			<key>fileRef</key>
			<string>C03FA86818728FC7001E7597</string>
			<key>isa</key>
			<string>PBXBuildFile</string>
		</dict>
		<key>C03FA89818728FC7001E7597</key>
		<dict>
			<key>fileRef</key>
			<string>C03FA86918728FC7001E7597</string>
			<key>isa</key>
			<string>PBXBuildFile</string>
		</dict>
		<key>C03FA89918728FC7001E7597</key>
		<dict>
			<key>fileRef</key>
			<string>C03FA86A18728FC7001E7597</string>
			<key>isa</key>
			<string>PBXBuildFile</string>
		</dict>
		<key>C03FA89A18728FC7001E7597</key>
		<dict>
			<key>fileRef</key>
			<string>C03FA86B18728FC7001E7597</string>
			<key>isa</key>
			<string>PBXBuildFile</string>
		</dict>
		<key>C03FA89B18728FC7001E7597</key>
		<dict>
			<key>fileRef</key>
			<string>C03FA86C18728FC7001E7597</string>
			<key>isa</key>
			<string>PBXBuildFile</string>
		</dict>
		<key>C03FA89C18728FC7001E7597</key>
		<dict>
			<key>fileRef</key>
			<string>C03FA86D18728FC7001E7597</string>
			<key>isa</key>
			<string>PBXBuildFile</string>
		</dict>
		<key>C03FA89D18728FC7001E7597</key>
		<dict>
			<key>fileRef</key>
			<string>C03FA86E18728FC7001E7597</string>
			<key>isa</key>
			<string>PBXBuildFile</string>
		</dict>
		<key>C03FA89E18728FC7001E7597</key>
		<dict>
			<key>fileRef</key>
			<string>C03FA86F18728FC7001E7597</string>
			<key>isa</key>
			<string>PBXBuildFile</string>
		</dict>
		<key>C03FA89F18728FC7001E7597</key>
		<dict>
			<key>fileRef</key>
			<string>C03FA87018728FC7001E7597</string>
			<key>isa</key>
			<string>PBXBuildFile</string>
		</dict>
		<key>C03FA8A018728FC7001E7597</key>
		<dict>
			<key>fileRef</key>
			<string>C03FA87118728FC7001E7597</string>
			<key>isa</key>
			<string>PBXBuildFile</string>
		</dict>
		<key>C03FA8A118728FC7001E7597</key>
		<dict>
			<key>fileRef</key>
			<string>C03FA87218728FC7001E7597</string>
			<key>isa</key>
			<string>PBXBuildFile</string>
		</dict>
		<key>C03FA8A218728FC7001E7597</key>
		<dict>
			<key>fileRef</key>
			<string>C03FA87318728FC7001E7597</string>
			<key>isa</key>
			<string>PBXBuildFile</string>
		</dict>
		<key>C03FA8A318728FC7001E7597</key>
		<dict>
			<key>fileRef</key>
			<string>C03FA87418728FC7001E7597</string>
			<key>isa</key>
			<string>PBXBuildFile</string>
		</dict>
		<key>C03FA8A418728FC7001E7597</key>
		<dict>
			<key>fileRef</key>
			<string>C03FA87518728FC7001E7597</string>
			<key>isa</key>
			<string>PBXBuildFile</string>
		</dict>
		<key>C03FA8A518728FC7001E7597</key>
		<dict>
			<key>fileRef</key>
			<string>C03FA87618728FC7001E7597</string>
			<key>isa</key>
			<string>PBXBuildFile</string>
		</dict>
		<key>C03FA8A618728FC7001E7597</key>
		<dict>
			<key>fileRef</key>
			<string>C03FA87718728FC7001E7597</string>
			<key>isa</key>
			<string>PBXBuildFile</string>
		</dict>
		<key>C03FA8A718728FC7001E7597</key>
		<dict>
			<key>fileRef</key>
			<string>C03FA87818728FC7001E7597</string>
			<key>isa</key>
			<string>PBXBuildFile</string>
		</dict>
		<key>C03FA8A818728FC7001E7597</key>
		<dict>
			<key>fileRef</key>
			<string>C03FA87918728FC7001E7597</string>
			<key>isa</key>
			<string>PBXBuildFile</string>
		</dict>
		<key>C03FA8A918728FC7001E7597</key>
		<dict>
			<key>fileRef</key>
			<string>C03FA87A18728FC7001E7597</string>
			<key>isa</key>
			<string>PBXBuildFile</string>
		</dict>
		<key>C03FA8AA18728FC7001E7597</key>
		<dict>
			<key>fileRef</key>
			<string>C03FA87B18728FC7001E7597</string>
			<key>isa</key>
			<string>PBXBuildFile</string>
		</dict>
		<key>C03FA8AB18728FC7001E7597</key>
		<dict>
			<key>fileRef</key>
			<string>C03FA87C18728FC7001E7597</string>
			<key>isa</key>
			<string>PBXBuildFile</string>
		</dict>
		<key>C03FA8AC18728FC7001E7597</key>
		<dict>
			<key>fileRef</key>
			<string>C03FA87D18728FC7001E7597</string>
			<key>isa</key>
			<string>PBXBuildFile</string>
		</dict>
		<key>C03FA8AD18728FC7001E7597</key>
		<dict>
			<key>fileRef</key>
			<string>C03FA87E18728FC7001E7597</string>
			<key>isa</key>
			<string>PBXBuildFile</string>
		</dict>
		<key>C03FA8AE1873ECEF001E7597</key>
		<dict>
			<key>fileEncoding</key>
			<string>4</string>
			<key>isa</key>
			<string>PBXFileReference</string>
			<key>lastKnownFileType</key>
			<string>sourcecode.c.h</string>
			<key>path</key>
			<string>SetupProfileViewController.h</string>
			<key>sourceTree</key>
			<string>&lt;group&gt;</string>
		</dict>
		<key>C03FA8AF1873ECEF001E7597</key>
		<dict>
			<key>fileEncoding</key>
			<string>4</string>
			<key>isa</key>
			<string>PBXFileReference</string>
			<key>lastKnownFileType</key>
			<string>sourcecode.c.objc</string>
			<key>path</key>
			<string>SetupProfileViewController.m</string>
			<key>sourceTree</key>
			<string>&lt;group&gt;</string>
		</dict>
		<key>C03FA8B01873ECEF001E7597</key>
		<dict>
			<key>fileRef</key>
			<string>C03FA8AF1873ECEF001E7597</string>
			<key>isa</key>
			<string>PBXBuildFile</string>
		</dict>
		<key>C0E1718B188BC90700435DCE</key>
		<dict>
			<key>children</key>
			<array>
				<string>C0E1719D188BD05F00435DCE</string>
				<string>19DC5BD9186976960035EE30</string>
				<string>19DC5BDA186976970035EE30</string>
				<string>C03FA848187289AD001E7597</string>
				<string>C03FA84C18728DA7001E7597</string>
				<string>C03FA84D18728DA7001E7597</string>
			</array>
			<key>isa</key>
			<string>PBXGroup</string>
			<key>name</key>
			<string>Models</string>
			<key>sourceTree</key>
			<string>&lt;group&gt;</string>
		</dict>
		<key>C0E1718C188BC90D00435DCE</key>
		<dict>
			<key>children</key>
			<array>
				<string>19DC5BD21868D15B0035EE30</string>
				<string>19DC5BD31868D15B0035EE30</string>
				<string>C03FA84918728A82001E7597</string>
				<string>C03FA84A18728A82001E7597</string>
				<string>C0E17191188BC9E700435DCE</string>
				<string>C0E17192188BC9E700435DCE</string>
				<string>C0E1719E188BD69800435DCE</string>
				<string>C0E1719F188BD69800435DCE</string>
			</array>
			<key>isa</key>
			<string>PBXGroup</string>
			<key>name</key>
			<string>Views</string>
			<key>sourceTree</key>
			<string>&lt;group&gt;</string>
		</dict>
		<key>C0E1718D188BC91500435DCE</key>
		<dict>
			<key>children</key>
			<array>
				<string>C03FA8AE1873ECEF001E7597</string>
				<string>C03FA8AF1873ECEF001E7597</string>
				<string>19D318FA1867EF4700C34A5C</string>
				<string>19D318FB1867EF4700C34A5C</string>
				<string>19D318DA1867DD9200C34A5C</string>
				<string>19D318DB1867DD9200C34A5C</string>
				<string>19DC5BC5186828AA0035EE30</string>
				<string>19DC5BC6186828AA0035EE30</string>
				<string>19DC5BC818682F130035EE30</string>
				<string>19DC5BC918682F130035EE30</string>
				<string>19DC5BCF1868CF380035EE30</string>
				<string>19DC5BD01868CF380035EE30</string>
				<string>C0E1718E188BC9D200435DCE</string>
				<string>C0E1718F188BC9D200435DCE</string>
				<string>C0E171A4188BE3C300435DCE</string>
				<string>C0E171A5188BE3C300435DCE</string>
			</array>
			<key>isa</key>
			<string>PBXGroup</string>
			<key>name</key>
			<string>Controllers</string>
			<key>sourceTree</key>
			<string>&lt;group&gt;</string>
		</dict>
		<key>C0E1718E188BC9D200435DCE</key>
		<dict>
			<key>fileEncoding</key>
			<string>4</string>
			<key>isa</key>
			<string>PBXFileReference</string>
			<key>lastKnownFileType</key>
			<string>sourcecode.c.h</string>
			<key>path</key>
			<string>BrowseMatchesViewController.h</string>
			<key>sourceTree</key>
			<string>&lt;group&gt;</string>
		</dict>
		<key>C0E1718F188BC9D200435DCE</key>
		<dict>
			<key>fileEncoding</key>
			<string>4</string>
			<key>isa</key>
			<string>PBXFileReference</string>
			<key>lastKnownFileType</key>
			<string>sourcecode.c.objc</string>
			<key>path</key>
			<string>BrowseMatchesViewController.m</string>
			<key>sourceTree</key>
			<string>&lt;group&gt;</string>
		</dict>
		<key>C0E17190188BC9D200435DCE</key>
		<dict>
			<key>fileRef</key>
			<string>C0E1718F188BC9D200435DCE</string>
			<key>isa</key>
			<string>PBXBuildFile</string>
		</dict>
		<key>C0E17191188BC9E700435DCE</key>
		<dict>
			<key>fileEncoding</key>
			<string>4</string>
			<key>isa</key>
			<string>PBXFileReference</string>
			<key>lastKnownFileType</key>
			<string>sourcecode.c.h</string>
			<key>path</key>
			<string>BrowseMatchesCell.h</string>
			<key>sourceTree</key>
			<string>&lt;group&gt;</string>
		</dict>
		<key>C0E17192188BC9E700435DCE</key>
		<dict>
			<key>fileEncoding</key>
			<string>4</string>
			<key>isa</key>
			<string>PBXFileReference</string>
			<key>lastKnownFileType</key>
			<string>sourcecode.c.objc</string>
			<key>path</key>
			<string>BrowseMatchesCell.m</string>
			<key>sourceTree</key>
			<string>&lt;group&gt;</string>
		</dict>
		<key>C0E17193188BC9E700435DCE</key>
		<dict>
			<key>fileRef</key>
			<string>C0E17192188BC9E700435DCE</string>
			<key>isa</key>
			<string>PBXBuildFile</string>
		</dict>
		<key>C0E17194188BCD8900435DCE</key>
		<dict>
			<key>fileEncoding</key>
			<string>4</string>
			<key>isa</key>
			<string>PBXFileReference</string>
			<key>lastKnownFileType</key>
			<string>sourcecode.c.h</string>
			<key>path</key>
			<string>PEMatch.h</string>
			<key>sourceTree</key>
			<string>&lt;group&gt;</string>
		</dict>
		<key>C0E17195188BCD8900435DCE</key>
		<dict>
			<key>fileEncoding</key>
			<string>4</string>
			<key>isa</key>
			<string>PBXFileReference</string>
			<key>lastKnownFileType</key>
			<string>sourcecode.c.objc</string>
			<key>path</key>
			<string>PEMatch.m</string>
			<key>sourceTree</key>
			<string>&lt;group&gt;</string>
		</dict>
		<key>C0E17196188BCD8900435DCE</key>
		<dict>
			<key>fileRef</key>
			<string>C0E17195188BCD8900435DCE</string>
			<key>isa</key>
			<string>PBXBuildFile</string>
		</dict>
		<key>C0E17197188BCE7E00435DCE</key>
		<dict>
			<key>fileEncoding</key>
			<string>4</string>
			<key>isa</key>
			<string>PBXFileReference</string>
			<key>lastKnownFileType</key>
			<string>sourcecode.c.h</string>
			<key>path</key>
			<string>PearingClient.h</string>
			<key>sourceTree</key>
			<string>&lt;group&gt;</string>
		</dict>
		<key>C0E17198188BCE7E00435DCE</key>
		<dict>
			<key>fileEncoding</key>
			<string>4</string>
			<key>isa</key>
			<string>PBXFileReference</string>
			<key>lastKnownFileType</key>
			<string>sourcecode.c.objc</string>
			<key>path</key>
			<string>PearingClient.m</string>
			<key>sourceTree</key>
			<string>&lt;group&gt;</string>
		</dict>
		<key>C0E17199188BCE7E00435DCE</key>
		<dict>
			<key>fileRef</key>
			<string>C0E17198188BCE7E00435DCE</string>
			<key>isa</key>
			<string>PBXBuildFile</string>
		</dict>
		<key>C0E1719A188BCFC800435DCE</key>
		<dict>
			<key>fileEncoding</key>
			<string>4</string>
			<key>isa</key>
			<string>PBXFileReference</string>
			<key>lastKnownFileType</key>
			<string>sourcecode.c.h</string>
			<key>path</key>
			<string>PEUser.h</string>
			<key>sourceTree</key>
			<string>&lt;group&gt;</string>
		</dict>
		<key>C0E1719B188BCFC800435DCE</key>
		<dict>
			<key>fileEncoding</key>
			<string>4</string>
			<key>isa</key>
			<string>PBXFileReference</string>
			<key>lastKnownFileType</key>
			<string>sourcecode.c.objc</string>
			<key>path</key>
			<string>PEUser.m</string>
			<key>sourceTree</key>
			<string>&lt;group&gt;</string>
		</dict>
		<key>C0E1719C188BCFC800435DCE</key>
		<dict>
			<key>fileRef</key>
			<string>C0E1719B188BCFC800435DCE</string>
			<key>isa</key>
			<string>PBXBuildFile</string>
		</dict>
		<key>C0E1719D188BD05F00435DCE</key>
		<dict>
			<key>children</key>
			<array>
				<string>C0E17194188BCD8900435DCE</string>
				<string>C0E17195188BCD8900435DCE</string>
				<string>C0E17197188BCE7E00435DCE</string>
				<string>C0E17198188BCE7E00435DCE</string>
				<string>C0E1719A188BCFC800435DCE</string>
				<string>C0E1719B188BCFC800435DCE</string>
				<string>C0E171A1188BD89600435DCE</string>
				<string>C0E171A2188BD89600435DCE</string>
				<string>1941BF20197B91DA00903654</string>
			</array>
			<key>isa</key>
			<string>PBXGroup</string>
			<key>name</key>
			<string>Pearing</string>
			<key>sourceTree</key>
			<string>&lt;group&gt;</string>
		</dict>
		<key>C0E1719E188BD69800435DCE</key>
		<dict>
			<key>fileEncoding</key>
			<string>4</string>
			<key>isa</key>
			<string>PBXFileReference</string>
			<key>lastKnownFileType</key>
			<string>sourcecode.c.h</string>
			<key>path</key>
			<string>MatchImagesScrollView.h</string>
			<key>sourceTree</key>
			<string>&lt;group&gt;</string>
		</dict>
		<key>C0E1719F188BD69800435DCE</key>
		<dict>
			<key>fileEncoding</key>
			<string>4</string>
			<key>isa</key>
			<string>PBXFileReference</string>
			<key>lastKnownFileType</key>
			<string>sourcecode.c.objc</string>
			<key>path</key>
			<string>MatchImagesScrollView.m</string>
			<key>sourceTree</key>
			<string>&lt;group&gt;</string>
		</dict>
		<key>C0E171A0188BD69800435DCE</key>
		<dict>
			<key>fileRef</key>
			<string>C0E1719F188BD69800435DCE</string>
			<key>isa</key>
			<string>PBXBuildFile</string>
		</dict>
		<key>C0E171A1188BD89600435DCE</key>
		<dict>
			<key>fileEncoding</key>
			<string>4</string>
			<key>isa</key>
			<string>PBXFileReference</string>
			<key>lastKnownFileType</key>
			<string>sourcecode.c.h</string>
			<key>path</key>
			<string>PEImage.h</string>
			<key>sourceTree</key>
			<string>&lt;group&gt;</string>
		</dict>
		<key>C0E171A2188BD89600435DCE</key>
		<dict>
			<key>fileEncoding</key>
			<string>4</string>
			<key>isa</key>
			<string>PBXFileReference</string>
			<key>lastKnownFileType</key>
			<string>sourcecode.c.objc</string>
			<key>path</key>
			<string>PEImage.m</string>
			<key>sourceTree</key>
			<string>&lt;group&gt;</string>
		</dict>
		<key>C0E171A3188BD89600435DCE</key>
		<dict>
			<key>fileRef</key>
			<string>C0E171A2188BD89600435DCE</string>
			<key>isa</key>
			<string>PBXBuildFile</string>
		</dict>
		<key>C0E171A4188BE3C300435DCE</key>
		<dict>
			<key>fileEncoding</key>
			<string>4</string>
			<key>isa</key>
			<string>PBXFileReference</string>
			<key>lastKnownFileType</key>
			<string>sourcecode.c.h</string>
			<key>path</key>
			<string>FullSizeImageViewController.h</string>
			<key>sourceTree</key>
			<string>&lt;group&gt;</string>
		</dict>
		<key>C0E171A5188BE3C300435DCE</key>
		<dict>
			<key>fileEncoding</key>
			<string>4</string>
			<key>isa</key>
			<string>PBXFileReference</string>
			<key>lastKnownFileType</key>
			<string>sourcecode.c.objc</string>
			<key>path</key>
			<string>FullSizeImageViewController.m</string>
			<key>sourceTree</key>
			<string>&lt;group&gt;</string>
		</dict>
		<key>C0E171A6188BE3C300435DCE</key>
		<dict>
			<key>fileRef</key>
			<string>C0E171A5188BE3C300435DCE</string>
			<key>isa</key>
			<string>PBXBuildFile</string>
		</dict>
	</dict>
	<key>rootObject</key>
	<string>19D318BA1867DD9100C34A5C</string>
</dict>
</plist>
