// !$*UTF8*$!
{
	archiveVersion = 1;
	classes = {
	};
	objectVersion = 46;
	objects = {

/* Begin PBXBuildFile section */
		19D318C61867DD9200C34A5C /* Foundation.framework in Frameworks */ = {isa = PBXBuildFile; fileRef = 19D318C51867DD9200C34A5C /* Foundation.framework */; };
		19D318C81867DD9200C34A5C /* CoreGraphics.framework in Frameworks */ = {isa = PBXBuildFile; fileRef = 19D318C71867DD9200C34A5C /* CoreGraphics.framework */; };
		19D318CA1867DD9200C34A5C /* UIKit.framework in Frameworks */ = {isa = PBXBuildFile; fileRef = 19D318C91867DD9200C34A5C /* UIKit.framework */; };
		19D318D01867DD9200C34A5C /* InfoPlist.strings in Resources */ = {isa = PBXBuildFile; fileRef = 19D318CE1867DD9200C34A5C /* InfoPlist.strings */; };
		19D318D21867DD9200C34A5C /* main.m in Sources */ = {isa = PBXBuildFile; fileRef = 19D318D11867DD9200C34A5C /* main.m */; };
		19D318D61867DD9200C34A5C /* AppDelegate.m in Sources */ = {isa = PBXBuildFile; fileRef = 19D318D51867DD9200C34A5C /* AppDelegate.m */; };
		19D318D91867DD9200C34A5C /* Main.storyboard in Resources */ = {isa = PBXBuildFile; fileRef = 19D318D71867DD9200C34A5C /* Main.storyboard */; };
		19D318DC1867DD9200C34A5C /* ViewController.m in Sources */ = {isa = PBXBuildFile; fileRef = 19D318DB1867DD9200C34A5C /* ViewController.m */; };
		19D318DE1867DD9200C34A5C /* Images.xcassets in Resources */ = {isa = PBXBuildFile; fileRef = 19D318DD1867DD9200C34A5C /* Images.xcassets */; };
		19D318E51867DD9200C34A5C /* XCTest.framework in Frameworks */ = {isa = PBXBuildFile; fileRef = 19D318E41867DD9200C34A5C /* XCTest.framework */; };
		19D318E61867DD9200C34A5C /* Foundation.framework in Frameworks */ = {isa = PBXBuildFile; fileRef = 19D318C51867DD9200C34A5C /* Foundation.framework */; };
		19D318E71867DD9200C34A5C /* UIKit.framework in Frameworks */ = {isa = PBXBuildFile; fileRef = 19D318C91867DD9200C34A5C /* UIKit.framework */; };
		19D318EF1867DD9200C34A5C /* InfoPlist.strings in Resources */ = {isa = PBXBuildFile; fileRef = 19D318ED1867DD9200C34A5C /* InfoPlist.strings */; };
		19D318F11867DD9200C34A5C /* Pearing_AppTests.m in Sources */ = {isa = PBXBuildFile; fileRef = 19D318F01867DD9200C34A5C /* Pearing_AppTests.m */; };
		19D318FC1867EF4700C34A5C /* LoginViewController.m in Sources */ = {isa = PBXBuildFile; fileRef = 19D318FB1867EF4700C34A5C /* LoginViewController.m */; };
		19DC5BC7186828AA0035EE30 /* InstagramLoginViewController.m in Sources */ = {isa = PBXBuildFile; fileRef = 19DC5BC6186828AA0035EE30 /* InstagramLoginViewController.m */; };
		19DC5BCA18682F130035EE30 /* GetStartedViewController.m in Sources */ = {isa = PBXBuildFile; fileRef = 19DC5BC918682F130035EE30 /* GetStartedViewController.m */; };
		19DC5BD11868CF380035EE30 /* ChooseImagesViewController.m in Sources */ = {isa = PBXBuildFile; fileRef = 19DC5BD01868CF380035EE30 /* ChooseImagesViewController.m */; };
		19DC5BD41868D15B0035EE30 /* ChooseImagesCell.m in Sources */ = {isa = PBXBuildFile; fileRef = 19DC5BD31868D15B0035EE30 /* ChooseImagesCell.m */; };
		19DC5BDB186976970035EE30 /* ImageCache.m in Sources */ = {isa = PBXBuildFile; fileRef = 19DC5BDA186976970035EE30 /* ImageCache.m */; };
		C03FA84B18728A82001E7597 /* LoadingImageView.m in Sources */ = {isa = PBXBuildFile; fileRef = C03FA84A18728A82001E7597 /* LoadingImageView.m */; };
		C03FA84E18728DA7001E7597 /* NZImageCache.m in Sources */ = {isa = PBXBuildFile; fileRef = C03FA84D18728DA7001E7597 /* NZImageCache.m */; };
		C03FA87F18728FC7001E7597 /* 1.png in Resources */ = {isa = PBXBuildFile; fileRef = C03FA85018728FC7001E7597 /* 1.png */; };
		C03FA88018728FC7001E7597 /* 10.png in Resources */ = {isa = PBXBuildFile; fileRef = C03FA85118728FC7001E7597 /* 10.png */; };
		C03FA88118728FC7001E7597 /* 11.png in Resources */ = {isa = PBXBuildFile; fileRef = C03FA85218728FC7001E7597 /* 11.png */; };
		C03FA88218728FC7001E7597 /* 12.png in Resources */ = {isa = PBXBuildFile; fileRef = C03FA85318728FC7001E7597 /* 12.png */; };
		C03FA88318728FC7001E7597 /* 13.png in Resources */ = {isa = PBXBuildFile; fileRef = C03FA85418728FC7001E7597 /* 13.png */; };
		C03FA88418728FC7001E7597 /* 14.png in Resources */ = {isa = PBXBuildFile; fileRef = C03FA85518728FC7001E7597 /* 14.png */; };
		C03FA88518728FC7001E7597 /* 15.png in Resources */ = {isa = PBXBuildFile; fileRef = C03FA85618728FC7001E7597 /* 15.png */; };
		C03FA88618728FC7001E7597 /* 2.png in Resources */ = {isa = PBXBuildFile; fileRef = C03FA85718728FC7001E7597 /* 2.png */; };
		C03FA88718728FC7001E7597 /* 3.png in Resources */ = {isa = PBXBuildFile; fileRef = C03FA85818728FC7001E7597 /* 3.png */; };
		C03FA88818728FC7001E7597 /* 4.png in Resources */ = {isa = PBXBuildFile; fileRef = C03FA85918728FC7001E7597 /* 4.png */; };
		C03FA88918728FC7001E7597 /* 5.png in Resources */ = {isa = PBXBuildFile; fileRef = C03FA85A18728FC7001E7597 /* 5.png */; };
		C03FA88A18728FC7001E7597 /* 6.png in Resources */ = {isa = PBXBuildFile; fileRef = C03FA85B18728FC7001E7597 /* 6.png */; };
		C03FA88B18728FC7001E7597 /* 7.png in Resources */ = {isa = PBXBuildFile; fileRef = C03FA85C18728FC7001E7597 /* 7.png */; };
		C03FA88C18728FC7001E7597 /* 8.png in Resources */ = {isa = PBXBuildFile; fileRef = C03FA85D18728FC7001E7597 /* 8.png */; };
		C03FA88D18728FC7001E7597 /* 9.png in Resources */ = {isa = PBXBuildFile; fileRef = C03FA85E18728FC7001E7597 /* 9.png */; };
		C03FA88E18728FC7001E7597 /* get_started.png in Resources */ = {isa = PBXBuildFile; fileRef = C03FA85F18728FC7001E7597 /* get_started.png */; };
		C03FA88F18728FC7001E7597 /* hello_joe.png in Resources */ = {isa = PBXBuildFile; fileRef = C03FA86018728FC7001E7597 /* hello_joe.png */; };
		C03FA89018728FC7001E7597 /* insta_button.png in Resources */ = {isa = PBXBuildFile; fileRef = C03FA86118728FC7001E7597 /* insta_button.png */; };
		C03FA89118728FC7001E7597 /* insta_cam.png in Resources */ = {isa = PBXBuildFile; fileRef = C03FA86218728FC7001E7597 /* insta_cam.png */; };
		C03FA89218728FC7001E7597 /* insta_login_bg.png in Resources */ = {isa = PBXBuildFile; fileRef = C03FA86318728FC7001E7597 /* insta_login_bg.png */; };
		C03FA89318728FC7001E7597 /* insta_login_heart.png in Resources */ = {isa = PBXBuildFile; fileRef = C03FA86418728FC7001E7597 /* insta_login_heart.png */; };
		C03FA89418728FC7001E7597 /* iOS_0000_Sign-Up-_-In.png in Resources */ = {isa = PBXBuildFile; fileRef = C03FA86518728FC7001E7597 /* iOS_0000_Sign-Up-_-In.png */; };
		C03FA89518728FC7001E7597 /* iOS_0001_Connected.png in Resources */ = {isa = PBXBuildFile; fileRef = C03FA86618728FC7001E7597 /* iOS_0001_Connected.png */; };
		C03FA89618728FC7001E7597 /* iOS_0002_Pick-5-[none].png in Resources */ = {isa = PBXBuildFile; fileRef = C03FA86718728FC7001E7597 /* iOS_0002_Pick-5-[none].png */; };
		C03FA89718728FC7001E7597 /* iOS_0003_Pick-5-[5-of-5].png in Resources */ = {isa = PBXBuildFile; fileRef = C03FA86818728FC7001E7597 /* iOS_0003_Pick-5-[5-of-5].png */; };
		C03FA89818728FC7001E7597 /* iOS_0004_Editt-Profile.png in Resources */ = {isa = PBXBuildFile; fileRef = C03FA86918728FC7001E7597 /* iOS_0004_Editt-Profile.png */; };
		C03FA89918728FC7001E7597 /* iOS_0005_Home-Screen.png in Resources */ = {isa = PBXBuildFile; fileRef = C03FA86A18728FC7001E7597 /* iOS_0005_Home-Screen.png */; };
		C03FA89A18728FC7001E7597 /* iOS_0005s_0002s_0001_Rounded-Rectangle-2-copy-8.png in Resources */ = {isa = PBXBuildFile; fileRef = C03FA86B18728FC7001E7597 /* iOS_0005s_0002s_0001_Rounded-Rectangle-2-copy-8.png */; };
		C03FA89B18728FC7001E7597 /* iOS_0005s_0002s_0003_Rounded-Rectangle-2-copy-8.png in Resources */ = {isa = PBXBuildFile; fileRef = C03FA86C18728FC7001E7597 /* iOS_0005s_0002s_0003_Rounded-Rectangle-2-copy-8.png */; };
		C03FA89C18728FC7001E7597 /* iOS_0005s_0002s_0005_Rounded-Rectangle-2-copy-8.png in Resources */ = {isa = PBXBuildFile; fileRef = C03FA86D18728FC7001E7597 /* iOS_0005s_0002s_0005_Rounded-Rectangle-2-copy-8.png */; };
		C03FA89D18728FC7001E7597 /* iOS_0005s_0002s_0007_Rounded-Rectangle-2-copy-5.png in Resources */ = {isa = PBXBuildFile; fileRef = C03FA86E18728FC7001E7597 /* iOS_0005s_0002s_0007_Rounded-Rectangle-2-copy-5.png */; };
		C03FA89E18728FC7001E7597 /* iOS_0005s_0002s_0009_Rounded-Rectangle-2-copy-6.png in Resources */ = {isa = PBXBuildFile; fileRef = C03FA86F18728FC7001E7597 /* iOS_0005s_0002s_0009_Rounded-Rectangle-2-copy-6.png */; };
		C03FA89F18728FC7001E7597 /* iOS_0005s_0002s_0011_Rounded-Rectangle-2-copy-7.png in Resources */ = {isa = PBXBuildFile; fileRef = C03FA87018728FC7001E7597 /* iOS_0005s_0002s_0011_Rounded-Rectangle-2-copy-7.png */; };
		C03FA8A018728FC7001E7597 /* iOS_0005s_0002s_0013_Rounded-Rectangle-2-copy-4.png in Resources */ = {isa = PBXBuildFile; fileRef = C03FA87118728FC7001E7597 /* iOS_0005s_0002s_0013_Rounded-Rectangle-2-copy-4.png */; };
		C03FA8A118728FC7001E7597 /* iOS_0005s_0002s_0015_Rounded-Rectangle-2-copy-4.png in Resources */ = {isa = PBXBuildFile; fileRef = C03FA87218728FC7001E7597 /* iOS_0005s_0002s_0015_Rounded-Rectangle-2-copy-4.png */; };
		C03FA8A218728FC7001E7597 /* iOS_0005s_0002s_0017_Rounded-Rectangle-2-copy-4.png in Resources */ = {isa = PBXBuildFile; fileRef = C03FA87318728FC7001E7597 /* iOS_0005s_0002s_0017_Rounded-Rectangle-2-copy-4.png */; };
		C03FA8A318728FC7001E7597 /* iOS_0005s_0002s_0019_Rounded-Rectangle-2-copy-3.png in Resources */ = {isa = PBXBuildFile; fileRef = C03FA87418728FC7001E7597 /* iOS_0005s_0002s_0019_Rounded-Rectangle-2-copy-3.png */; };
		C03FA8A418728FC7001E7597 /* iOS_0005s_0002s_0021_Rounded-Rectangle-2-copy-3.png in Resources */ = {isa = PBXBuildFile; fileRef = C03FA87518728FC7001E7597 /* iOS_0005s_0002s_0021_Rounded-Rectangle-2-copy-3.png */; };
		C03FA8A518728FC7001E7597 /* iOS_0005s_0002s_0023_Rounded-Rectangle-2-copy-3.png in Resources */ = {isa = PBXBuildFile; fileRef = C03FA87618728FC7001E7597 /* iOS_0005s_0002s_0023_Rounded-Rectangle-2-copy-3.png */; };
		C03FA8A618728FC7001E7597 /* iOS_0005s_0002s_0025_Rounded-Rectangle-2-copy-2.png in Resources */ = {isa = PBXBuildFile; fileRef = C03FA87718728FC7001E7597 /* iOS_0005s_0002s_0025_Rounded-Rectangle-2-copy-2.png */; };
		C03FA8A718728FC7001E7597 /* iOS_0005s_0002s_0027_Rounded-Rectangle-2-copy.png in Resources */ = {isa = PBXBuildFile; fileRef = C03FA87818728FC7001E7597 /* iOS_0005s_0002s_0027_Rounded-Rectangle-2-copy.png */; };
		C03FA8A818728FC7001E7597 /* iOS_0005s_0002s_0029_Rounded-Rectangle-2.png in Resources */ = {isa = PBXBuildFile; fileRef = C03FA87918728FC7001E7597 /* iOS_0005s_0002s_0029_Rounded-Rectangle-2.png */; };
		C03FA8A918728FC7001E7597 /* iOS_0006_Challenges.png in Resources */ = {isa = PBXBuildFile; fileRef = C03FA87A18728FC7001E7597 /* iOS_0006_Challenges.png */; };
		C03FA8AA18728FC7001E7597 /* login_bg.png in Resources */ = {isa = PBXBuildFile; fileRef = C03FA87B18728FC7001E7597 /* login_bg.png */; };
		C03FA8AB18728FC7001E7597 /* pears_login.png in Resources */ = {isa = PBXBuildFile; fileRef = C03FA87C18728FC7001E7597 /* pears_login.png */; };
		C03FA8AC18728FC7001E7597 /* screen.png in Resources */ = {isa = PBXBuildFile; fileRef = C03FA87D18728FC7001E7597 /* screen.png */; };
		C03FA8AD18728FC7001E7597 /* sign_up_button.png in Resources */ = {isa = PBXBuildFile; fileRef = C03FA87E18728FC7001E7597 /* sign_up_button.png */; };
		C03FA8B01873ECEF001E7597 /* SetupProfileViewController.m in Sources */ = {isa = PBXBuildFile; fileRef = C03FA8AF1873ECEF001E7597 /* SetupProfileViewController.m */; };
/* End PBXBuildFile section */

/* Begin PBXContainerItemProxy section */
		19D318E81867DD9200C34A5C /* PBXContainerItemProxy */ = {
			isa = PBXContainerItemProxy;
			containerPortal = 19D318BA1867DD9100C34A5C /* Project object */;
			proxyType = 1;
			remoteGlobalIDString = 19D318C11867DD9200C34A5C;
			remoteInfo = "Pearing App";
		};
/* End PBXContainerItemProxy section */

/* Begin PBXFileReference section */
		19D318C21867DD9200C34A5C /* Pearing App.app */ = {isa = PBXFileReference; explicitFileType = wrapper.application; includeInIndex = 0; path = "Pearing App.app"; sourceTree = BUILT_PRODUCTS_DIR; };
		19D318C51867DD9200C34A5C /* Foundation.framework */ = {isa = PBXFileReference; lastKnownFileType = wrapper.framework; name = Foundation.framework; path = System/Library/Frameworks/Foundation.framework; sourceTree = SDKROOT; };
		19D318C71867DD9200C34A5C /* CoreGraphics.framework */ = {isa = PBXFileReference; lastKnownFileType = wrapper.framework; name = CoreGraphics.framework; path = System/Library/Frameworks/CoreGraphics.framework; sourceTree = SDKROOT; };
		19D318C91867DD9200C34A5C /* UIKit.framework */ = {isa = PBXFileReference; lastKnownFileType = wrapper.framework; name = UIKit.framework; path = System/Library/Frameworks/UIKit.framework; sourceTree = SDKROOT; };
		19D318CD1867DD9200C34A5C /* Pearing App-Info.plist */ = {isa = PBXFileReference; lastKnownFileType = text.plist.xml; path = "Pearing App-Info.plist"; sourceTree = "<group>"; };
		19D318CF1867DD9200C34A5C /* en */ = {isa = PBXFileReference; lastKnownFileType = text.plist.strings; name = en; path = en.lproj/InfoPlist.strings; sourceTree = "<group>"; };
		19D318D11867DD9200C34A5C /* main.m */ = {isa = PBXFileReference; lastKnownFileType = sourcecode.c.objc; path = main.m; sourceTree = "<group>"; };
		19D318D31867DD9200C34A5C /* Pearing App-Prefix.pch */ = {isa = PBXFileReference; lastKnownFileType = sourcecode.c.h; path = "Pearing App-Prefix.pch"; sourceTree = "<group>"; };
		19D318D41867DD9200C34A5C /* AppDelegate.h */ = {isa = PBXFileReference; lastKnownFileType = sourcecode.c.h; path = AppDelegate.h; sourceTree = "<group>"; };
		19D318D51867DD9200C34A5C /* AppDelegate.m */ = {isa = PBXFileReference; lastKnownFileType = sourcecode.c.objc; path = AppDelegate.m; sourceTree = "<group>"; };
		19D318D81867DD9200C34A5C /* Base */ = {isa = PBXFileReference; lastKnownFileType = file.storyboard; name = Base; path = Base.lproj/Main.storyboard; sourceTree = "<group>"; };
		19D318DA1867DD9200C34A5C /* ViewController.h */ = {isa = PBXFileReference; lastKnownFileType = sourcecode.c.h; path = ViewController.h; sourceTree = "<group>"; };
		19D318DB1867DD9200C34A5C /* ViewController.m */ = {isa = PBXFileReference; lastKnownFileType = sourcecode.c.objc; path = ViewController.m; sourceTree = "<group>"; };
		19D318DD1867DD9200C34A5C /* Images.xcassets */ = {isa = PBXFileReference; lastKnownFileType = folder.assetcatalog; path = Images.xcassets; sourceTree = "<group>"; };
		19D318E31867DD9200C34A5C /* Pearing AppTests.xctest */ = {isa = PBXFileReference; explicitFileType = wrapper.cfbundle; includeInIndex = 0; path = "Pearing AppTests.xctest"; sourceTree = BUILT_PRODUCTS_DIR; };
		19D318E41867DD9200C34A5C /* XCTest.framework */ = {isa = PBXFileReference; lastKnownFileType = wrapper.framework; name = XCTest.framework; path = Library/Frameworks/XCTest.framework; sourceTree = DEVELOPER_DIR; };
		19D318EC1867DD9200C34A5C /* Pearing AppTests-Info.plist */ = {isa = PBXFileReference; lastKnownFileType = text.plist.xml; path = "Pearing AppTests-Info.plist"; sourceTree = "<group>"; };
		19D318EE1867DD9200C34A5C /* en */ = {isa = PBXFileReference; lastKnownFileType = text.plist.strings; name = en; path = en.lproj/InfoPlist.strings; sourceTree = "<group>"; };
		19D318F01867DD9200C34A5C /* Pearing_AppTests.m */ = {isa = PBXFileReference; lastKnownFileType = sourcecode.c.objc; path = Pearing_AppTests.m; sourceTree = "<group>"; };
		19D318FA1867EF4700C34A5C /* LoginViewController.h */ = {isa = PBXFileReference; fileEncoding = 4; lastKnownFileType = sourcecode.c.h; path = LoginViewController.h; sourceTree = "<group>"; };
		19D318FB1867EF4700C34A5C /* LoginViewController.m */ = {isa = PBXFileReference; fileEncoding = 4; lastKnownFileType = sourcecode.c.objc; path = LoginViewController.m; sourceTree = "<group>"; };
		19DC5BC5186828AA0035EE30 /* InstagramLoginViewController.h */ = {isa = PBXFileReference; fileEncoding = 4; lastKnownFileType = sourcecode.c.h; path = InstagramLoginViewController.h; sourceTree = "<group>"; };
		19DC5BC6186828AA0035EE30 /* InstagramLoginViewController.m */ = {isa = PBXFileReference; fileEncoding = 4; lastKnownFileType = sourcecode.c.objc; path = InstagramLoginViewController.m; sourceTree = "<group>"; };
		19DC5BC818682F130035EE30 /* GetStartedViewController.h */ = {isa = PBXFileReference; fileEncoding = 4; lastKnownFileType = sourcecode.c.h; path = GetStartedViewController.h; sourceTree = "<group>"; };
		19DC5BC918682F130035EE30 /* GetStartedViewController.m */ = {isa = PBXFileReference; fileEncoding = 4; lastKnownFileType = sourcecode.c.objc; path = GetStartedViewController.m; sourceTree = "<group>"; };
		19DC5BCF1868CF380035EE30 /* ChooseImagesViewController.h */ = {isa = PBXFileReference; fileEncoding = 4; lastKnownFileType = sourcecode.c.h; path = ChooseImagesViewController.h; sourceTree = "<group>"; };
		19DC5BD01868CF380035EE30 /* ChooseImagesViewController.m */ = {isa = PBXFileReference; fileEncoding = 4; lastKnownFileType = sourcecode.c.objc; path = ChooseImagesViewController.m; sourceTree = "<group>"; };
		19DC5BD21868D15B0035EE30 /* ChooseImagesCell.h */ = {isa = PBXFileReference; fileEncoding = 4; lastKnownFileType = sourcecode.c.h; path = ChooseImagesCell.h; sourceTree = "<group>"; };
		19DC5BD31868D15B0035EE30 /* ChooseImagesCell.m */ = {isa = PBXFileReference; fileEncoding = 4; lastKnownFileType = sourcecode.c.objc; path = ChooseImagesCell.m; sourceTree = "<group>"; };
		19DC5BD9186976960035EE30 /* ImageCache.h */ = {isa = PBXFileReference; fileEncoding = 4; lastKnownFileType = sourcecode.c.h; path = ImageCache.h; sourceTree = "<group>"; };
		19DC5BDA186976970035EE30 /* ImageCache.m */ = {isa = PBXFileReference; fileEncoding = 4; lastKnownFileType = sourcecode.c.objc; path = ImageCache.m; sourceTree = "<group>"; };
		C03FA848187289AD001E7597 /* IImageCache.h */ = {isa = PBXFileReference; lastKnownFileType = sourcecode.c.h; path = IImageCache.h; sourceTree = "<group>"; };
		C03FA84918728A82001E7597 /* LoadingImageView.h */ = {isa = PBXFileReference; fileEncoding = 4; lastKnownFileType = sourcecode.c.h; path = LoadingImageView.h; sourceTree = "<group>"; };
		C03FA84A18728A82001E7597 /* LoadingImageView.m */ = {isa = PBXFileReference; fileEncoding = 4; lastKnownFileType = sourcecode.c.objc; path = LoadingImageView.m; sourceTree = "<group>"; };
		C03FA84C18728DA7001E7597 /* NZImageCache.h */ = {isa = PBXFileReference; fileEncoding = 4; lastKnownFileType = sourcecode.c.h; path = NZImageCache.h; sourceTree = "<group>"; };
		C03FA84D18728DA7001E7597 /* NZImageCache.m */ = {isa = PBXFileReference; fileEncoding = 4; lastKnownFileType = sourcecode.c.objc; path = NZImageCache.m; sourceTree = "<group>"; };
		C03FA85018728FC7001E7597 /* 1.png */ = {isa = PBXFileReference; lastKnownFileType = image.png; path = 1.png; sourceTree = "<group>"; };
		C03FA85118728FC7001E7597 /* 10.png */ = {isa = PBXFileReference; lastKnownFileType = image.png; path = 10.png; sourceTree = "<group>"; };
		C03FA85218728FC7001E7597 /* 11.png */ = {isa = PBXFileReference; lastKnownFileType = image.png; path = 11.png; sourceTree = "<group>"; };
		C03FA85318728FC7001E7597 /* 12.png */ = {isa = PBXFileReference; lastKnownFileType = image.png; path = 12.png; sourceTree = "<group>"; };
		C03FA85418728FC7001E7597 /* 13.png */ = {isa = PBXFileReference; lastKnownFileType = image.png; path = 13.png; sourceTree = "<group>"; };
		C03FA85518728FC7001E7597 /* 14.png */ = {isa = PBXFileReference; lastKnownFileType = image.png; path = 14.png; sourceTree = "<group>"; };
		C03FA85618728FC7001E7597 /* 15.png */ = {isa = PBXFileReference; lastKnownFileType = image.png; path = 15.png; sourceTree = "<group>"; };
		C03FA85718728FC7001E7597 /* 2.png */ = {isa = PBXFileReference; lastKnownFileType = image.png; path = 2.png; sourceTree = "<group>"; };
		C03FA85818728FC7001E7597 /* 3.png */ = {isa = PBXFileReference; lastKnownFileType = image.png; path = 3.png; sourceTree = "<group>"; };
		C03FA85918728FC7001E7597 /* 4.png */ = {isa = PBXFileReference; lastKnownFileType = image.png; path = 4.png; sourceTree = "<group>"; };
		C03FA85A18728FC7001E7597 /* 5.png */ = {isa = PBXFileReference; lastKnownFileType = image.png; path = 5.png; sourceTree = "<group>"; };
		C03FA85B18728FC7001E7597 /* 6.png */ = {isa = PBXFileReference; lastKnownFileType = image.png; path = 6.png; sourceTree = "<group>"; };
		C03FA85C18728FC7001E7597 /* 7.png */ = {isa = PBXFileReference; lastKnownFileType = image.png; path = 7.png; sourceTree = "<group>"; };
		C03FA85D18728FC7001E7597 /* 8.png */ = {isa = PBXFileReference; lastKnownFileType = image.png; path = 8.png; sourceTree = "<group>"; };
		C03FA85E18728FC7001E7597 /* 9.png */ = {isa = PBXFileReference; lastKnownFileType = image.png; path = 9.png; sourceTree = "<group>"; };
		C03FA85F18728FC7001E7597 /* get_started.png */ = {isa = PBXFileReference; lastKnownFileType = image.png; path = get_started.png; sourceTree = "<group>"; };
		C03FA86018728FC7001E7597 /* hello_joe.png */ = {isa = PBXFileReference; lastKnownFileType = image.png; path = hello_joe.png; sourceTree = "<group>"; };
		C03FA86118728FC7001E7597 /* insta_button.png */ = {isa = PBXFileReference; lastKnownFileType = image.png; path = insta_button.png; sourceTree = "<group>"; };
		C03FA86218728FC7001E7597 /* insta_cam.png */ = {isa = PBXFileReference; lastKnownFileType = image.png; path = insta_cam.png; sourceTree = "<group>"; };
		C03FA86318728FC7001E7597 /* insta_login_bg.png */ = {isa = PBXFileReference; lastKnownFileType = image.png; path = insta_login_bg.png; sourceTree = "<group>"; };
		C03FA86418728FC7001E7597 /* insta_login_heart.png */ = {isa = PBXFileReference; lastKnownFileType = image.png; path = insta_login_heart.png; sourceTree = "<group>"; };
		C03FA86518728FC7001E7597 /* iOS_0000_Sign-Up-_-In.png */ = {isa = PBXFileReference; lastKnownFileType = image.png; path = "iOS_0000_Sign-Up-_-In.png"; sourceTree = "<group>"; };
		C03FA86618728FC7001E7597 /* iOS_0001_Connected.png */ = {isa = PBXFileReference; lastKnownFileType = image.png; path = iOS_0001_Connected.png; sourceTree = "<group>"; };
		C03FA86718728FC7001E7597 /* iOS_0002_Pick-5-[none].png */ = {isa = PBXFileReference; lastKnownFileType = image.png; path = "iOS_0002_Pick-5-[none].png"; sourceTree = "<group>"; };
		C03FA86818728FC7001E7597 /* iOS_0003_Pick-5-[5-of-5].png */ = {isa = PBXFileReference; lastKnownFileType = image.png; path = "iOS_0003_Pick-5-[5-of-5].png"; sourceTree = "<group>"; };
		C03FA86918728FC7001E7597 /* iOS_0004_Editt-Profile.png */ = {isa = PBXFileReference; lastKnownFileType = image.png; path = "iOS_0004_Editt-Profile.png"; sourceTree = "<group>"; };
		C03FA86A18728FC7001E7597 /* iOS_0005_Home-Screen.png */ = {isa = PBXFileReference; lastKnownFileType = image.png; path = "iOS_0005_Home-Screen.png"; sourceTree = "<group>"; };
		C03FA86B18728FC7001E7597 /* iOS_0005s_0002s_0001_Rounded-Rectangle-2-copy-8.png */ = {isa = PBXFileReference; lastKnownFileType = image.png; path = "iOS_0005s_0002s_0001_Rounded-Rectangle-2-copy-8.png"; sourceTree = "<group>"; };
		C03FA86C18728FC7001E7597 /* iOS_0005s_0002s_0003_Rounded-Rectangle-2-copy-8.png */ = {isa = PBXFileReference; lastKnownFileType = image.png; path = "iOS_0005s_0002s_0003_Rounded-Rectangle-2-copy-8.png"; sourceTree = "<group>"; };
		C03FA86D18728FC7001E7597 /* iOS_0005s_0002s_0005_Rounded-Rectangle-2-copy-8.png */ = {isa = PBXFileReference; lastKnownFileType = image.png; path = "iOS_0005s_0002s_0005_Rounded-Rectangle-2-copy-8.png"; sourceTree = "<group>"; };
		C03FA86E18728FC7001E7597 /* iOS_0005s_0002s_0007_Rounded-Rectangle-2-copy-5.png */ = {isa = PBXFileReference; lastKnownFileType = image.png; path = "iOS_0005s_0002s_0007_Rounded-Rectangle-2-copy-5.png"; sourceTree = "<group>"; };
		C03FA86F18728FC7001E7597 /* iOS_0005s_0002s_0009_Rounded-Rectangle-2-copy-6.png */ = {isa = PBXFileReference; lastKnownFileType = image.png; path = "iOS_0005s_0002s_0009_Rounded-Rectangle-2-copy-6.png"; sourceTree = "<group>"; };
		C03FA87018728FC7001E7597 /* iOS_0005s_0002s_0011_Rounded-Rectangle-2-copy-7.png */ = {isa = PBXFileReference; lastKnownFileType = image.png; path = "iOS_0005s_0002s_0011_Rounded-Rectangle-2-copy-7.png"; sourceTree = "<group>"; };
		C03FA87118728FC7001E7597 /* iOS_0005s_0002s_0013_Rounded-Rectangle-2-copy-4.png */ = {isa = PBXFileReference; lastKnownFileType = image.png; path = "iOS_0005s_0002s_0013_Rounded-Rectangle-2-copy-4.png"; sourceTree = "<group>"; };
		C03FA87218728FC7001E7597 /* iOS_0005s_0002s_0015_Rounded-Rectangle-2-copy-4.png */ = {isa = PBXFileReference; lastKnownFileType = image.png; path = "iOS_0005s_0002s_0015_Rounded-Rectangle-2-copy-4.png"; sourceTree = "<group>"; };
		C03FA87318728FC7001E7597 /* iOS_0005s_0002s_0017_Rounded-Rectangle-2-copy-4.png */ = {isa = PBXFileReference; lastKnownFileType = image.png; path = "iOS_0005s_0002s_0017_Rounded-Rectangle-2-copy-4.png"; sourceTree = "<group>"; };
		C03FA87418728FC7001E7597 /* iOS_0005s_0002s_0019_Rounded-Rectangle-2-copy-3.png */ = {isa = PBXFileReference; lastKnownFileType = image.png; path = "iOS_0005s_0002s_0019_Rounded-Rectangle-2-copy-3.png"; sourceTree = "<group>"; };
		C03FA87518728FC7001E7597 /* iOS_0005s_0002s_0021_Rounded-Rectangle-2-copy-3.png */ = {isa = PBXFileReference; lastKnownFileType = image.png; path = "iOS_0005s_0002s_0021_Rounded-Rectangle-2-copy-3.png"; sourceTree = "<group>"; };
		C03FA87618728FC7001E7597 /* iOS_0005s_0002s_0023_Rounded-Rectangle-2-copy-3.png */ = {isa = PBXFileReference; lastKnownFileType = image.png; path = "iOS_0005s_0002s_0023_Rounded-Rectangle-2-copy-3.png"; sourceTree = "<group>"; };
		C03FA87718728FC7001E7597 /* iOS_0005s_0002s_0025_Rounded-Rectangle-2-copy-2.png */ = {isa = PBXFileReference; lastKnownFileType = image.png; path = "iOS_0005s_0002s_0025_Rounded-Rectangle-2-copy-2.png"; sourceTree = "<group>"; };
		C03FA87818728FC7001E7597 /* iOS_0005s_0002s_0027_Rounded-Rectangle-2-copy.png */ = {isa = PBXFileReference; lastKnownFileType = image.png; path = "iOS_0005s_0002s_0027_Rounded-Rectangle-2-copy.png"; sourceTree = "<group>"; };
		C03FA87918728FC7001E7597 /* iOS_0005s_0002s_0029_Rounded-Rectangle-2.png */ = {isa = PBXFileReference; lastKnownFileType = image.png; path = "iOS_0005s_0002s_0029_Rounded-Rectangle-2.png"; sourceTree = "<group>"; };
		C03FA87A18728FC7001E7597 /* iOS_0006_Challenges.png */ = {isa = PBXFileReference; lastKnownFileType = image.png; path = iOS_0006_Challenges.png; sourceTree = "<group>"; };
		C03FA87B18728FC7001E7597 /* login_bg.png */ = {isa = PBXFileReference; lastKnownFileType = image.png; path = login_bg.png; sourceTree = "<group>"; };
		C03FA87C18728FC7001E7597 /* pears_login.png */ = {isa = PBXFileReference; lastKnownFileType = image.png; path = pears_login.png; sourceTree = "<group>"; };
		C03FA87D18728FC7001E7597 /* screen.png */ = {isa = PBXFileReference; lastKnownFileType = image.png; path = screen.png; sourceTree = "<group>"; };
		C03FA87E18728FC7001E7597 /* sign_up_button.png */ = {isa = PBXFileReference; lastKnownFileType = image.png; path = sign_up_button.png; sourceTree = "<group>"; };
		C03FA8AE1873ECEF001E7597 /* SetupProfileViewController.h */ = {isa = PBXFileReference; fileEncoding = 4; lastKnownFileType = sourcecode.c.h; path = SetupProfileViewController.h; sourceTree = "<group>"; };
		C03FA8AF1873ECEF001E7597 /* SetupProfileViewController.m */ = {isa = PBXFileReference; fileEncoding = 4; lastKnownFileType = sourcecode.c.objc; path = SetupProfileViewController.m; sourceTree = "<group>"; };
/* End PBXFileReference section */

/* Begin PBXFrameworksBuildPhase section */
		19D318BF1867DD9200C34A5C /* Frameworks */ = {
			isa = PBXFrameworksBuildPhase;
			buildActionMask = 2147483647;
			files = (
				19D318C81867DD9200C34A5C /* CoreGraphics.framework in Frameworks */,
				19D318CA1867DD9200C34A5C /* UIKit.framework in Frameworks */,
				19D318C61867DD9200C34A5C /* Foundation.framework in Frameworks */,
			);
			runOnlyForDeploymentPostprocessing = 0;
		};
		19D318E01867DD9200C34A5C /* Frameworks */ = {
			isa = PBXFrameworksBuildPhase;
			buildActionMask = 2147483647;
			files = (
				19D318E51867DD9200C34A5C /* XCTest.framework in Frameworks */,
				19D318E71867DD9200C34A5C /* UIKit.framework in Frameworks */,
				19D318E61867DD9200C34A5C /* Foundation.framework in Frameworks */,
			);
			runOnlyForDeploymentPostprocessing = 0;
		};
/* End PBXFrameworksBuildPhase section */

/* Begin PBXGroup section */
		19D318B91867DD9100C34A5C = {
			isa = PBXGroup;
			children = (
				19D318CB1867DD9200C34A5C /* Pearing App */,
				19D318EA1867DD9200C34A5C /* Pearing AppTests */,
				19D318C41867DD9200C34A5C /* Frameworks */,
				19D318C31867DD9200C34A5C /* Products */,
			);
			sourceTree = "<group>";
		};
		19D318C31867DD9200C34A5C /* Products */ = {
			isa = PBXGroup;
			children = (
				19D318C21867DD9200C34A5C /* Pearing App.app */,
				19D318E31867DD9200C34A5C /* Pearing AppTests.xctest */,
			);
			name = Products;
			sourceTree = "<group>";
		};
		19D318C41867DD9200C34A5C /* Frameworks */ = {
			isa = PBXGroup;
			children = (
				19D318C51867DD9200C34A5C /* Foundation.framework */,
				19D318C71867DD9200C34A5C /* CoreGraphics.framework */,
				19D318C91867DD9200C34A5C /* UIKit.framework */,
				19D318E41867DD9200C34A5C /* XCTest.framework */,
			);
			name = Frameworks;
			sourceTree = "<group>";
		};
		19D318CB1867DD9200C34A5C /* Pearing App */ = {
			isa = PBXGroup;
			children = (
				19D318D41867DD9200C34A5C /* AppDelegate.h */,
				19D318D51867DD9200C34A5C /* AppDelegate.m */,
				19DC5BD9186976960035EE30 /* ImageCache.h */,
				19DC5BDA186976970035EE30 /* ImageCache.m */,
				19D318FA1867EF4700C34A5C /* LoginViewController.h */,
				19D318FB1867EF4700C34A5C /* LoginViewController.m */,
				19D318DA1867DD9200C34A5C /* ViewController.h */,
				19D318DB1867DD9200C34A5C /* ViewController.m */,
				19DC5BC5186828AA0035EE30 /* InstagramLoginViewController.h */,
				19DC5BC6186828AA0035EE30 /* InstagramLoginViewController.m */,
				19DC5BC818682F130035EE30 /* GetStartedViewController.h */,
				19DC5BC918682F130035EE30 /* GetStartedViewController.m */,
				19DC5BCF1868CF380035EE30 /* ChooseImagesViewController.h */,
				19DC5BD01868CF380035EE30 /* ChooseImagesViewController.m */,
				19DC5BD21868D15B0035EE30 /* ChooseImagesCell.h */,
				19DC5BD31868D15B0035EE30 /* ChooseImagesCell.m */,
				19D318D71867DD9200C34A5C /* Main.storyboard */,
				19D318DD1867DD9200C34A5C /* Images.xcassets */,
				19D318CC1867DD9200C34A5C /* Supporting Files */,
				C03FA848187289AD001E7597 /* IImageCache.h */,
				C03FA84918728A82001E7597 /* LoadingImageView.h */,
				C03FA84A18728A82001E7597 /* LoadingImageView.m */,
				C03FA84C18728DA7001E7597 /* NZImageCache.h */,
				C03FA84D18728DA7001E7597 /* NZImageCache.m */,
				C03FA8AE1873ECEF001E7597 /* SetupProfileViewController.h */,
				C03FA8AF1873ECEF001E7597 /* SetupProfileViewController.m */,
			);
			path = "Pearing App";
			sourceTree = "<group>";
		};
		19D318CC1867DD9200C34A5C /* Supporting Files */ = {
			isa = PBXGroup;
			children = (
				19D318FD1867F1BD00C34A5C /* Images */,
				19D318CD1867DD9200C34A5C /* Pearing App-Info.plist */,
				19D318CE1867DD9200C34A5C /* InfoPlist.strings */,
				19D318D11867DD9200C34A5C /* main.m */,
				19D318D31867DD9200C34A5C /* Pearing App-Prefix.pch */,
			);
			name = "Supporting Files";
			sourceTree = "<group>";
		};
		19D318EA1867DD9200C34A5C /* Pearing AppTests */ = {
			isa = PBXGroup;
			children = (
				19D318F01867DD9200C34A5C /* Pearing_AppTests.m */,
				19D318EB1867DD9200C34A5C /* Supporting Files */,
			);
			path = "Pearing AppTests";
			sourceTree = "<group>";
		};
		19D318EB1867DD9200C34A5C /* Supporting Files */ = {
			isa = PBXGroup;
			children = (
				19D318EC1867DD9200C34A5C /* Pearing AppTests-Info.plist */,
				19D318ED1867DD9200C34A5C /* InfoPlist.strings */,
			);
			name = "Supporting Files";
			sourceTree = "<group>";
		};
		19D318FD1867F1BD00C34A5C /* Images */ = {
			isa = PBXGroup;
			children = (
				C03FA84F18728FC7001E7597 /* pearing_pics */,
			);
			name = Images;
			sourceTree = "<group>";
		};
		C03FA84F18728FC7001E7597 /* pearing_pics */ = {
			isa = PBXGroup;
			children = (
				C03FA85018728FC7001E7597 /* 1.png */,
				C03FA85118728FC7001E7597 /* 10.png */,
				C03FA85218728FC7001E7597 /* 11.png */,
				C03FA85318728FC7001E7597 /* 12.png */,
				C03FA85418728FC7001E7597 /* 13.png */,
				C03FA85518728FC7001E7597 /* 14.png */,
				C03FA85618728FC7001E7597 /* 15.png */,
				C03FA85718728FC7001E7597 /* 2.png */,
				C03FA85818728FC7001E7597 /* 3.png */,
				C03FA85918728FC7001E7597 /* 4.png */,
				C03FA85A18728FC7001E7597 /* 5.png */,
				C03FA85B18728FC7001E7597 /* 6.png */,
				C03FA85C18728FC7001E7597 /* 7.png */,
				C03FA85D18728FC7001E7597 /* 8.png */,
				C03FA85E18728FC7001E7597 /* 9.png */,
				C03FA85F18728FC7001E7597 /* get_started.png */,
				C03FA86018728FC7001E7597 /* hello_joe.png */,
				C03FA86118728FC7001E7597 /* insta_button.png */,
				C03FA86218728FC7001E7597 /* insta_cam.png */,
				C03FA86318728FC7001E7597 /* insta_login_bg.png */,
				C03FA86418728FC7001E7597 /* insta_login_heart.png */,
				C03FA86518728FC7001E7597 /* iOS_0000_Sign-Up-_-In.png */,
				C03FA86618728FC7001E7597 /* iOS_0001_Connected.png */,
				C03FA86718728FC7001E7597 /* iOS_0002_Pick-5-[none].png */,
				C03FA86818728FC7001E7597 /* iOS_0003_Pick-5-[5-of-5].png */,
				C03FA86918728FC7001E7597 /* iOS_0004_Editt-Profile.png */,
				C03FA86A18728FC7001E7597 /* iOS_0005_Home-Screen.png */,
				C03FA86B18728FC7001E7597 /* iOS_0005s_0002s_0001_Rounded-Rectangle-2-copy-8.png */,
				C03FA86C18728FC7001E7597 /* iOS_0005s_0002s_0003_Rounded-Rectangle-2-copy-8.png */,
				C03FA86D18728FC7001E7597 /* iOS_0005s_0002s_0005_Rounded-Rectangle-2-copy-8.png */,
				C03FA86E18728FC7001E7597 /* iOS_0005s_0002s_0007_Rounded-Rectangle-2-copy-5.png */,
				C03FA86F18728FC7001E7597 /* iOS_0005s_0002s_0009_Rounded-Rectangle-2-copy-6.png */,
				C03FA87018728FC7001E7597 /* iOS_0005s_0002s_0011_Rounded-Rectangle-2-copy-7.png */,
				C03FA87118728FC7001E7597 /* iOS_0005s_0002s_0013_Rounded-Rectangle-2-copy-4.png */,
				C03FA87218728FC7001E7597 /* iOS_0005s_0002s_0015_Rounded-Rectangle-2-copy-4.png */,
				C03FA87318728FC7001E7597 /* iOS_0005s_0002s_0017_Rounded-Rectangle-2-copy-4.png */,
				C03FA87418728FC7001E7597 /* iOS_0005s_0002s_0019_Rounded-Rectangle-2-copy-3.png */,
				C03FA87518728FC7001E7597 /* iOS_0005s_0002s_0021_Rounded-Rectangle-2-copy-3.png */,
				C03FA87618728FC7001E7597 /* iOS_0005s_0002s_0023_Rounded-Rectangle-2-copy-3.png */,
				C03FA87718728FC7001E7597 /* iOS_0005s_0002s_0025_Rounded-Rectangle-2-copy-2.png */,
				C03FA87818728FC7001E7597 /* iOS_0005s_0002s_0027_Rounded-Rectangle-2-copy.png */,
				C03FA87918728FC7001E7597 /* iOS_0005s_0002s_0029_Rounded-Rectangle-2.png */,
				C03FA87A18728FC7001E7597 /* iOS_0006_Challenges.png */,
				C03FA87B18728FC7001E7597 /* login_bg.png */,
				C03FA87C18728FC7001E7597 /* pears_login.png */,
				C03FA87D18728FC7001E7597 /* screen.png */,
				C03FA87E18728FC7001E7597 /* sign_up_button.png */,
			);
			path = pearing_pics;
			sourceTree = "<group>";
		};
/* End PBXGroup section */

/* Begin PBXNativeTarget section */
		19D318C11867DD9200C34A5C /* Pearing App */ = {
			isa = PBXNativeTarget;
			buildConfigurationList = 19D318F41867DD9200C34A5C /* Build configuration list for PBXNativeTarget "Pearing App" */;
			buildPhases = (
				19D318BE1867DD9200C34A5C /* Sources */,
				19D318BF1867DD9200C34A5C /* Frameworks */,
				19D318C01867DD9200C34A5C /* Resources */,
			);
			buildRules = (
			);
			dependencies = (
			);
			name = "Pearing App";
			productName = "Pearing App";
			productReference = 19D318C21867DD9200C34A5C /* Pearing App.app */;
			productType = "com.apple.product-type.application";
		};
		19D318E21867DD9200C34A5C /* Pearing AppTests */ = {
			isa = PBXNativeTarget;
			buildConfigurationList = 19D318F71867DD9200C34A5C /* Build configuration list for PBXNativeTarget "Pearing AppTests" */;
			buildPhases = (
				19D318DF1867DD9200C34A5C /* Sources */,
				19D318E01867DD9200C34A5C /* Frameworks */,
				19D318E11867DD9200C34A5C /* Resources */,
			);
			buildRules = (
			);
			dependencies = (
				19D318E91867DD9200C34A5C /* PBXTargetDependency */,
			);
			name = "Pearing AppTests";
			productName = "Pearing AppTests";
			productReference = 19D318E31867DD9200C34A5C /* Pearing AppTests.xctest */;
			productType = "com.apple.product-type.bundle.unit-test";
		};
/* End PBXNativeTarget section */

/* Begin PBXProject section */
		19D318BA1867DD9100C34A5C /* Project object */ = {
			isa = PBXProject;
			attributes = {
				LastUpgradeCheck = 0500;
				ORGANIZATIONNAME = Pearing;
				TargetAttributes = {
					19D318E21867DD9200C34A5C = {
						TestTargetID = 19D318C11867DD9200C34A5C;
					};
				};
			};
			buildConfigurationList = 19D318BD1867DD9100C34A5C /* Build configuration list for PBXProject "Pearing App" */;
			compatibilityVersion = "Xcode 3.2";
			developmentRegion = English;
			hasScannedForEncodings = 0;
			knownRegions = (
				en,
				Base,
			);
			mainGroup = 19D318B91867DD9100C34A5C;
			productRefGroup = 19D318C31867DD9200C34A5C /* Products */;
			projectDirPath = "";
			projectRoot = "";
			targets = (
				19D318C11867DD9200C34A5C /* Pearing App */,
				19D318E21867DD9200C34A5C /* Pearing AppTests */,
			);
		};
/* End PBXProject section */

/* Begin PBXResourcesBuildPhase section */
		19D318C01867DD9200C34A5C /* Resources */ = {
			isa = PBXResourcesBuildPhase;
			buildActionMask = 2147483647;
			files = (
				C03FA88C18728FC7001E7597 /* 8.png in Resources */,
				C03FA88A18728FC7001E7597 /* 6.png in Resources */,
				C03FA88218728FC7001E7597 /* 12.png in Resources */,
				C03FA88918728FC7001E7597 /* 5.png in Resources */,
				C03FA8AD18728FC7001E7597 /* sign_up_button.png in Resources */,
				C03FA89218728FC7001E7597 /* insta_login_bg.png in Resources */,
				C03FA89718728FC7001E7597 /* iOS_0003_Pick-5-[5-of-5].png in Resources */,
				C03FA89518728FC7001E7597 /* iOS_0001_Connected.png in Resources */,
				C03FA88618728FC7001E7597 /* 2.png in Resources */,
				C03FA88718728FC7001E7597 /* 3.png in Resources */,
				C03FA8A118728FC7001E7597 /* iOS_0005s_0002s_0015_Rounded-Rectangle-2-copy-4.png in Resources */,
				C03FA89918728FC7001E7597 /* iOS_0005_Home-Screen.png in Resources */,
				C03FA89A18728FC7001E7597 /* iOS_0005s_0002s_0001_Rounded-Rectangle-2-copy-8.png in Resources */,
				C03FA89E18728FC7001E7597 /* iOS_0005s_0002s_0009_Rounded-Rectangle-2-copy-6.png in Resources */,
				C03FA89818728FC7001E7597 /* iOS_0004_Editt-Profile.png in Resources */,
				C03FA8AC18728FC7001E7597 /* screen.png in Resources */,
				C03FA89C18728FC7001E7597 /* iOS_0005s_0002s_0005_Rounded-Rectangle-2-copy-8.png in Resources */,
				C03FA8A818728FC7001E7597 /* iOS_0005s_0002s_0029_Rounded-Rectangle-2.png in Resources */,
				C03FA8A018728FC7001E7597 /* iOS_0005s_0002s_0013_Rounded-Rectangle-2-copy-4.png in Resources */,
				19D318DE1867DD9200C34A5C /* Images.xcassets in Resources */,
				C03FA89418728FC7001E7597 /* iOS_0000_Sign-Up-_-In.png in Resources */,
				C03FA89B18728FC7001E7597 /* iOS_0005s_0002s_0003_Rounded-Rectangle-2-copy-8.png in Resources */,
				C03FA88D18728FC7001E7597 /* 9.png in Resources */,
				C03FA8A418728FC7001E7597 /* iOS_0005s_0002s_0021_Rounded-Rectangle-2-copy-3.png in Resources */,
				C03FA8A718728FC7001E7597 /* iOS_0005s_0002s_0027_Rounded-Rectangle-2-copy.png in Resources */,
				C03FA8A318728FC7001E7597 /* iOS_0005s_0002s_0019_Rounded-Rectangle-2-copy-3.png in Resources */,
				C03FA88018728FC7001E7597 /* 10.png in Resources */,
				C03FA8A518728FC7001E7597 /* iOS_0005s_0002s_0023_Rounded-Rectangle-2-copy-3.png in Resources */,
				C03FA89118728FC7001E7597 /* insta_cam.png in Resources */,
				C03FA88F18728FC7001E7597 /* hello_joe.png in Resources */,
				C03FA89318728FC7001E7597 /* insta_login_heart.png in Resources */,
				C03FA8A618728FC7001E7597 /* iOS_0005s_0002s_0025_Rounded-Rectangle-2-copy-2.png in Resources */,
				19D318D01867DD9200C34A5C /* InfoPlist.strings in Resources */,
				C03FA89018728FC7001E7597 /* insta_button.png in Resources */,
				C03FA88B18728FC7001E7597 /* 7.png in Resources */,
				C03FA8A218728FC7001E7597 /* iOS_0005s_0002s_0017_Rounded-Rectangle-2-copy-4.png in Resources */,
				C03FA88E18728FC7001E7597 /* get_started.png in Resources */,
				C03FA89D18728FC7001E7597 /* iOS_0005s_0002s_0007_Rounded-Rectangle-2-copy-5.png in Resources */,
				C03FA88118728FC7001E7597 /* 11.png in Resources */,
				C03FA89618728FC7001E7597 /* iOS_0002_Pick-5-[none].png in Resources */,
				C03FA88418728FC7001E7597 /* 14.png in Resources */,
				C03FA88818728FC7001E7597 /* 4.png in Resources */,
				19D318D91867DD9200C34A5C /* Main.storyboard in Resources */,
				C03FA87F18728FC7001E7597 /* 1.png in Resources */,
				C03FA8AA18728FC7001E7597 /* login_bg.png in Resources */,
				C03FA88318728FC7001E7597 /* 13.png in Resources */,
				C03FA89F18728FC7001E7597 /* iOS_0005s_0002s_0011_Rounded-Rectangle-2-copy-7.png in Resources */,
				C03FA8AB18728FC7001E7597 /* pears_login.png in Resources */,
				C03FA88518728FC7001E7597 /* 15.png in Resources */,
				C03FA8A918728FC7001E7597 /* iOS_0006_Challenges.png in Resources */,
			);
			runOnlyForDeploymentPostprocessing = 0;
		};
		19D318E11867DD9200C34A5C /* Resources */ = {
			isa = PBXResourcesBuildPhase;
			buildActionMask = 2147483647;
			files = (
				19D318EF1867DD9200C34A5C /* InfoPlist.strings in Resources */,
			);
			runOnlyForDeploymentPostprocessing = 0;
		};
/* End PBXResourcesBuildPhase section */

/* Begin PBXSourcesBuildPhase section */
		19D318BE1867DD9200C34A5C /* Sources */ = {
			isa = PBXSourcesBuildPhase;
			buildActionMask = 2147483647;
			files = (
				19D318FC1867EF4700C34A5C /* LoginViewController.m in Sources */,
				C03FA84E18728DA7001E7597 /* NZImageCache.m in Sources */,
				19DC5BD11868CF380035EE30 /* ChooseImagesViewController.m in Sources */,
				19DC5BCA18682F130035EE30 /* GetStartedViewController.m in Sources */,
				C03FA84B18728A82001E7597 /* LoadingImageView.m in Sources */,
				19DC5BC7186828AA0035EE30 /* InstagramLoginViewController.m in Sources */,
				19DC5BD41868D15B0035EE30 /* ChooseImagesCell.m in Sources */,
				19D318DC1867DD9200C34A5C /* ViewController.m in Sources */,
				C03FA8B01873ECEF001E7597 /* SetupProfileViewController.m in Sources */,
				19D318D61867DD9200C34A5C /* AppDelegate.m in Sources */,
				19DC5BDB186976970035EE30 /* ImageCache.m in Sources */,
				19D318D21867DD9200C34A5C /* main.m in Sources */,
			);
			runOnlyForDeploymentPostprocessing = 0;
		};
		19D318DF1867DD9200C34A5C /* Sources */ = {
			isa = PBXSourcesBuildPhase;
			buildActionMask = 2147483647;
			files = (
				19D318F11867DD9200C34A5C /* Pearing_AppTests.m in Sources */,
			);
			runOnlyForDeploymentPostprocessing = 0;
		};
/* End PBXSourcesBuildPhase section */

/* Begin PBXTargetDependency section */
		19D318E91867DD9200C34A5C /* PBXTargetDependency */ = {
			isa = PBXTargetDependency;
			target = 19D318C11867DD9200C34A5C /* Pearing App */;
			targetProxy = 19D318E81867DD9200C34A5C /* PBXContainerItemProxy */;
		};
/* End PBXTargetDependency section */

/* Begin PBXVariantGroup section */
		19D318CE1867DD9200C34A5C /* InfoPlist.strings */ = {
			isa = PBXVariantGroup;
			children = (
				19D318CF1867DD9200C34A5C /* en */,
			);
			name = InfoPlist.strings;
			sourceTree = "<group>";
		};
		19D318D71867DD9200C34A5C /* Main.storyboard */ = {
			isa = PBXVariantGroup;
			children = (
				19D318D81867DD9200C34A5C /* Base */,
			);
			name = Main.storyboard;
			sourceTree = "<group>";
		};
		19D318ED1867DD9200C34A5C /* InfoPlist.strings */ = {
			isa = PBXVariantGroup;
			children = (
				19D318EE1867DD9200C34A5C /* en */,
			);
			name = InfoPlist.strings;
			sourceTree = "<group>";
		};
/* End PBXVariantGroup section */

/* Begin XCBuildConfiguration section */
		19D318F21867DD9200C34A5C /* Debug */ = {
			isa = XCBuildConfiguration;
			buildSettings = {
				ALWAYS_SEARCH_USER_PATHS = NO;
				ARCHS = "$(ARCHS_STANDARD_INCLUDING_64_BIT)";
				CLANG_CXX_LANGUAGE_STANDARD = "gnu++0x";
				CLANG_CXX_LIBRARY = "libc++";
				CLANG_ENABLE_MODULES = YES;
				CLANG_ENABLE_OBJC_ARC = YES;
				CLANG_WARN_BOOL_CONVERSION = YES;
				CLANG_WARN_CONSTANT_CONVERSION = YES;
				CLANG_WARN_DIRECT_OBJC_ISA_USAGE = YES_ERROR;
				CLANG_WARN_EMPTY_BODY = YES;
				CLANG_WARN_ENUM_CONVERSION = YES;
				CLANG_WARN_INT_CONVERSION = YES;
				CLANG_WARN_OBJC_ROOT_CLASS = YES_ERROR;
				CLANG_WARN__DUPLICATE_METHOD_MATCH = YES;
				"CODE_SIGN_IDENTITY[sdk=iphoneos*]" = "iPhone Developer";
				COPY_PHASE_STRIP = NO;
				GCC_C_LANGUAGE_STANDARD = gnu99;
				GCC_DYNAMIC_NO_PIC = NO;
				GCC_OPTIMIZATION_LEVEL = 0;
				GCC_PREPROCESSOR_DEFINITIONS = (
					"DEBUG=1",
					"$(inherited)",
				);
				GCC_SYMBOLS_PRIVATE_EXTERN = NO;
				GCC_WARN_64_TO_32_BIT_CONVERSION = YES;
				GCC_WARN_ABOUT_RETURN_TYPE = YES_ERROR;
				GCC_WARN_UNDECLARED_SELECTOR = YES;
				GCC_WARN_UNINITIALIZED_AUTOS = YES;
				GCC_WARN_UNUSED_FUNCTION = YES;
				GCC_WARN_UNUSED_VARIABLE = YES;
				IPHONEOS_DEPLOYMENT_TARGET = 7.0;
				ONLY_ACTIVE_ARCH = YES;
				SDKROOT = iphoneos;
			};
			name = Debug;
		};
		19D318F31867DD9200C34A5C /* Release */ = {
			isa = XCBuildConfiguration;
			buildSettings = {
				ALWAYS_SEARCH_USER_PATHS = NO;
				ARCHS = "$(ARCHS_STANDARD_INCLUDING_64_BIT)";
				CLANG_CXX_LANGUAGE_STANDARD = "gnu++0x";
				CLANG_CXX_LIBRARY = "libc++";
				CLANG_ENABLE_MODULES = YES;
				CLANG_ENABLE_OBJC_ARC = YES;
				CLANG_WARN_BOOL_CONVERSION = YES;
				CLANG_WARN_CONSTANT_CONVERSION = YES;
				CLANG_WARN_DIRECT_OBJC_ISA_USAGE = YES_ERROR;
				CLANG_WARN_EMPTY_BODY = YES;
				CLANG_WARN_ENUM_CONVERSION = YES;
				CLANG_WARN_INT_CONVERSION = YES;
				CLANG_WARN_OBJC_ROOT_CLASS = YES_ERROR;
				CLANG_WARN__DUPLICATE_METHOD_MATCH = YES;
				"CODE_SIGN_IDENTITY[sdk=iphoneos*]" = "iPhone Developer";
				COPY_PHASE_STRIP = YES;
				ENABLE_NS_ASSERTIONS = NO;
				GCC_C_LANGUAGE_STANDARD = gnu99;
				GCC_WARN_64_TO_32_BIT_CONVERSION = YES;
				GCC_WARN_ABOUT_RETURN_TYPE = YES_ERROR;
				GCC_WARN_UNDECLARED_SELECTOR = YES;
				GCC_WARN_UNINITIALIZED_AUTOS = YES;
				GCC_WARN_UNUSED_FUNCTION = YES;
				GCC_WARN_UNUSED_VARIABLE = YES;
				IPHONEOS_DEPLOYMENT_TARGET = 7.0;
				SDKROOT = iphoneos;
				VALIDATE_PRODUCT = YES;
			};
			name = Release;
		};
		19D318F51867DD9200C34A5C /* Debug */ = {
			isa = XCBuildConfiguration;
			buildSettings = {
				ASSETCATALOG_COMPILER_APPICON_NAME = AppIcon;
				ASSETCATALOG_COMPILER_LAUNCHIMAGE_NAME = LaunchImage;
				GCC_PRECOMPILE_PREFIX_HEADER = YES;
				GCC_PREFIX_HEADER = "Pearing App/Pearing App-Prefix.pch";
				INFOPLIST_FILE = "Pearing App/Pearing App-Info.plist";
				PRODUCT_NAME = "$(TARGET_NAME)";
				WRAPPER_EXTENSION = app;
			};
			name = Debug;
		};
		19D318F61867DD9200C34A5C /* Release */ = {
			isa = XCBuildConfiguration;
			buildSettings = {
				ASSETCATALOG_COMPILER_APPICON_NAME = AppIcon;
				ASSETCATALOG_COMPILER_LAUNCHIMAGE_NAME = LaunchImage;
				GCC_PRECOMPILE_PREFIX_HEADER = YES;
				GCC_PREFIX_HEADER = "Pearing App/Pearing App-Prefix.pch";
				INFOPLIST_FILE = "Pearing App/Pearing App-Info.plist";
				PRODUCT_NAME = "$(TARGET_NAME)";
				WRAPPER_EXTENSION = app;
			};
			name = Release;
		};
		19D318F81867DD9200C34A5C /* Debug */ = {
			isa = XCBuildConfiguration;
			buildSettings = {
				ARCHS = "$(ARCHS_STANDARD_INCLUDING_64_BIT)";
				BUNDLE_LOADER = "$(BUILT_PRODUCTS_DIR)/Pearing App.app/Pearing App";
				FRAMEWORK_SEARCH_PATHS = (
					"$(SDKROOT)/Developer/Library/Frameworks",
					"$(inherited)",
					"$(DEVELOPER_FRAMEWORKS_DIR)",
				);
				GCC_PRECOMPILE_PREFIX_HEADER = YES;
				GCC_PREFIX_HEADER = "Pearing App/Pearing App-Prefix.pch";
				GCC_PREPROCESSOR_DEFINITIONS = (
					"DEBUG=1",
					"$(inherited)",
				);
				INFOPLIST_FILE = "Pearing AppTests/Pearing AppTests-Info.plist";
				PRODUCT_NAME = "$(TARGET_NAME)";
				TEST_HOST = "$(BUNDLE_LOADER)";
				WRAPPER_EXTENSION = xctest;
			};
			name = Debug;
		};
		19D318F91867DD9200C34A5C /* Release */ = {
			isa = XCBuildConfiguration;
			buildSettings = {
				ARCHS = "$(ARCHS_STANDARD_INCLUDING_64_BIT)";
				BUNDLE_LOADER = "$(BUILT_PRODUCTS_DIR)/Pearing App.app/Pearing App";
				FRAMEWORK_SEARCH_PATHS = (
					"$(SDKROOT)/Developer/Library/Frameworks",
					"$(inherited)",
					"$(DEVELOPER_FRAMEWORKS_DIR)",
				);
				GCC_PRECOMPILE_PREFIX_HEADER = YES;
				GCC_PREFIX_HEADER = "Pearing App/Pearing App-Prefix.pch";
				INFOPLIST_FILE = "Pearing AppTests/Pearing AppTests-Info.plist";
				PRODUCT_NAME = "$(TARGET_NAME)";
				TEST_HOST = "$(BUNDLE_LOADER)";
				WRAPPER_EXTENSION = xctest;
			};
			name = Release;
		};
/* End XCBuildConfiguration section */

/* Begin XCConfigurationList section */
		19D318BD1867DD9100C34A5C /* Build configuration list for PBXProject "Pearing App" */ = {
			isa = XCConfigurationList;
			buildConfigurations = (
				19D318F21867DD9200C34A5C /* Debug */,
				19D318F31867DD9200C34A5C /* Release */,
			);
			defaultConfigurationIsVisible = 0;
			defaultConfigurationName = Release;
		};
		19D318F41867DD9200C34A5C /* Build configuration list for PBXNativeTarget "Pearing App" */ = {
			isa = XCConfigurationList;
			buildConfigurations = (
				19D318F51867DD9200C34A5C /* Debug */,
				19D318F61867DD9200C34A5C /* Release */,
			);
			defaultConfigurationIsVisible = 0;
			defaultConfigurationName = Release;
		};
		19D318F71867DD9200C34A5C /* Build configuration list for PBXNativeTarget "Pearing AppTests" */ = {
			isa = XCConfigurationList;
			buildConfigurations = (
				19D318F81867DD9200C34A5C /* Debug */,
				19D318F91867DD9200C34A5C /* Release */,
			);
			defaultConfigurationIsVisible = 0;
			defaultConfigurationName = Release;
		};
/* End XCConfigurationList section */
	};
	rootObject = 19D318BA1867DD9100C34A5C /* Project object */;
}
